<?xml version="1.0" encoding="utf-8"?>
<Project ToolsVersion="4.0" xmlns="http://schemas.microsoft.com/developer/msbuild/2003">
  <ItemGroup>
    <Filter Include="Source Files">
      <UniqueIdentifier>{4FC737F1-C7A5-4376-A066-2A32D752A2FF}</UniqueIdentifier>
      <Extensions>cpp;c;cc;cxx;def;odl;idl;hpj;bat;asm;asmx</Extensions>
    </Filter>
    <Filter Include="Header Files">
      <UniqueIdentifier>{93995380-89BD-4b04-88EB-625FBE52EBFB}</UniqueIdentifier>
      <Extensions>h;hh;hpp;hxx;hm;inl;inc;xsd</Extensions>
    </Filter>
    <Filter Include="Resource Files">
      <UniqueIdentifier>{67DA6AB6-F800-4c08-8B7A-83BB121AAD01}</UniqueIdentifier>
      <Extensions>rc;ico;cur;bmp;dlg;rc2;rct;bin;rgs;gif;jpg;jpeg;jpe;resx;tiff;tif;png;wav;mfcribbon-ms</Extensions>
    </Filter>
  </ItemGroup>
  <ItemGroup>
    <Text Include="ReadMe.txt" />
    <Text Include="CMakeLists.txt">
      <Filter>Resource Files</Filter>
    </Text>
  </ItemGroup>
  <ItemGroup>
    <ClInclude Include="ifcns.h">
      <Filter>Header Files</Filter>
    </ClInclude>
    <ClInclude Include="init.h">
      <Filter>Header Files</Filter>
    </ClInclude>
    <ClInclude Include="subacc.h">
      <Filter>Header Files</Filter>
    </ClInclude>
    <ClInclude Include="w5assert.h">
      <Filter>Header Files</Filter>
    </ClInclude>
    <ClInclude Include="wwivinit.h">
      <Filter>Header Files</Filter>
    </ClInclude>
    <ClInclude Include="platform\curses_io.h">
      <Filter>Header Files</Filter>
    </ClInclude>
    <ClInclude Include="platform\incl1.h">
      <Filter>Header Files</Filter>
    </ClInclude>
    <ClInclude Include="ivardec.h">
      <Filter>Header Files</Filter>
    </ClInclude>
    <ClInclude Include="regcode.h">
      <Filter>Header Files</Filter>
    </ClInclude>
    <ClInclude Include="user_editor.h">
      <Filter>Header Files</Filter>
    </ClInclude>
    <ClInclude Include="input.h">
      <Filter>Header Files</Filter>
    </ClInclude>
    <ClInclude Include="instance_settings.h">
      <Filter>Header Files</Filter>
    </ClInclude>
    <ClInclude Include="system_info.h">
      <Filter>Header Files</Filter>
    </ClInclude>
    <ClInclude Include="paths.h">
      <Filter>Header Files</Filter>
    </ClInclude>
    <ClInclude Include="networks.h">
      <Filter>Header Files</Filter>
    </ClInclude>
    <ClInclude Include="languages.h">
      <Filter>Header Files</Filter>
    </ClInclude>
    <ClInclude Include="archivers.h">
      <Filter>Header Files</Filter>
    </ClInclude>
    <ClInclude Include="editors.h">
      <Filter>Header Files</Filter>
    </ClInclude>
    <ClInclude Include="protocols.h">
      <Filter>Header Files</Filter>
    </ClInclude>
    <ClInclude Include="levels.h">
      <Filter>Header Files</Filter>
    </ClInclude>
    <ClInclude Include="newinit.h">
      <Filter>Header Files</Filter>
    </ClInclude>
    <ClInclude Include="subsdirs.h">
      <Filter>Header Files</Filter>
    </ClInclude>
    <ClInclude Include="utility.h">
      <Filter>Header Files</Filter>
    </ClInclude>
  </ItemGroup>
  <ItemGroup>
    <ClCompile Include="init.cpp">
      <Filter>Source Files</Filter>
    </ClCompile>
    <ClCompile Include="subacc.cpp">
      <Filter>Source Files</Filter>
    </ClCompile>
    <ClCompile Include="regcode.cpp">
      <Filter>Source Files</Filter>
    </ClCompile>
    <ClCompile Include="user_editor.cpp">
      <Filter>Source Files</Filter>
    </ClCompile>
    <ClCompile Include="instance_settings.cpp">
      <Filter>Source Files</Filter>
    </ClCompile>
    <ClCompile Include="system_info.cpp">
      <Filter>Source Files</Filter>
    </ClCompile>
    <ClCompile Include="paths.cpp">
      <Filter>Source Files</Filter>
    </ClCompile>
    <ClCompile Include="networks.cpp">
      <Filter>Source Files</Filter>
    </ClCompile>
    <ClCompile Include="languages.cpp">
      <Filter>Source Files</Filter>
    </ClCompile>
    <ClCompile Include="archivers.cpp">
      <Filter>Source Files</Filter>
    </ClCompile>
    <ClCompile Include="editors.cpp">
      <Filter>Source Files</Filter>
    </ClCompile>
    <ClCompile Include="protocols.cpp">
      <Filter>Source Files</Filter>
    </ClCompile>
    <ClCompile Include="levels.cpp">
      <Filter>Source Files</Filter>
    </ClCompile>
    <ClCompile Include="newinit.cpp">
      <Filter>Source Files</Filter>
    </ClCompile>
    <ClCompile Include="subsdirs.cpp">
      <Filter>Source Files</Filter>
    </ClCompile>
    <ClCompile Include="utility.cpp">
      <Filter>Source Files</Filter>
    </ClCompile>
  </ItemGroup>
</Project>