
Microsoft Visual Studio Solution File, Format Version 12.00
# Visual Studio 2013
VisualStudioVersion = 12.0.30110.0
MinimumVisualStudioVersion = 10.0.40219.1
Project("{8BC9CEB8-8B4A-11D0-8D11-00A0C91BC942}") = "bbs", "bbs\bbs.vcxproj", "{DE1021F3-98A3-4468-A6D9-57B4D83D0165}"
EndProject
Project("{8BC9CEB8-8B4A-11D0-8D11-00A0C91BC942}") = "pdcurses", "deps\pdcurses-3.4\pdcurses.vcxproj", "{EC52CEDA-4F35-469A-8975-98776EA8EA93}"
EndProject
Project("{8BC9CEB8-8B4A-11D0-8D11-00A0C91BC942}") = "TextUI", "textui\TextUI.vcxproj", "{56C9ED63-57EE-424B-905C-093AEC3766A1}"
	ProjectSection(ProjectDependencies) = postProject
		{EC52CEDA-4F35-469A-8975-98776EA8EA93} = {EC52CEDA-4F35-469A-8975-98776EA8EA93}
	EndProjectSection
EndProject
Project("{8BC9CEB8-8B4A-11D0-8D11-00A0C91BC942}") = "fix", "fix\fix.vcxproj", "{07F07145-CA0B-4281-AD5F-0ABF9C4D4716}"
EndProject
Project("{8BC9CEB8-8B4A-11D0-8D11-00A0C91BC942}") = "init", "init\init.vcxproj", "{0C6A0F55-D818-43D5-ACE4-848D6AD1C297}"
EndProject
Project("{8BC9CEB8-8B4A-11D0-8D11-00A0C91BC942}") = "bbs_test", "bbs_test\bbs_test.vcxproj", "{EB828D24-C453-4059-A484-2B6BFB96E1C4}"
	ProjectSection(ProjectDependencies) = postProject
		{BCF878F6-1997-4C3D-864E-12F0C1B5EB5E} = {BCF878F6-1997-4C3D-864E-12F0C1B5EB5E}
	EndProjectSection
EndProject
Project("{8BC9CEB8-8B4A-11D0-8D11-00A0C91BC942}") = "gtest", "deps\gtest-1.7.0\msvc\gtest.vcxproj", "{C8F6C172-56F2-4E76-B5FA-C3B423B31BE7}"
EndProject
Project("{FAE04EC0-301F-11D3-BF4B-00C04F79EFBC}") = "WWIV5TelnetServer", "WWIV5TelnetServer\WWIV5TelnetServer\WWIV5TelnetServer.csproj", "{DAFEEEBB-B1F1-44C8-9AC4-2BF0F8EF6C24}"
EndProject
Project("{8BC9CEB8-8B4A-11D0-8D11-00A0C91BC942}") = "bbs_lib", "bbs\bbs_lib.vcxproj", "{BCF878F6-1997-4C3D-864E-12F0C1B5EB5E}"
EndProject
Project("{8BC9CEB8-8B4A-11D0-8D11-00A0C91BC942}") = "initlib", "initlib\initlib.vcxproj", "{8EBD5A9A-E149-4E24-B5CA-7EBE0CC45A08}"
EndProject
Project("{8BC9CEB8-8B4A-11D0-8D11-00A0C91BC942}") = "core", "core\core.vcxproj", "{160CA888-2434-48A8-AD4E-02140E3B2C52}"
EndProject
Project("{8BC9CEB8-8B4A-11D0-8D11-00A0C91BC942}") = "core_fixtures", "core_test\core_fixtures.vcxproj", "{E5E45F1A-C3C0-49CA-98DE-B26185AD8694}"
EndProject
Project("{8BC9CEB8-8B4A-11D0-8D11-00A0C91BC942}") = "core_test", "core_test\core_test.vcxproj", "{B31B380B-F343-40FD-901C-A7597485716E}"
EndProject
Global
	GlobalSection(SolutionConfigurationPlatforms) = preSolution
		Debug|Any CPU = Debug|Any CPU
		Debug|Mixed Platforms = Debug|Mixed Platforms
		Debug|Win32 = Debug|Win32
		Release|Any CPU = Release|Any CPU
		Release|Mixed Platforms = Release|Mixed Platforms
		Release|Win32 = Release|Win32
	EndGlobalSection
	GlobalSection(ProjectConfigurationPlatforms) = postSolution
		{DE1021F3-98A3-4468-A6D9-57B4D83D0165}.Debug|Any CPU.ActiveCfg = Debug|Win32
		{DE1021F3-98A3-4468-A6D9-57B4D83D0165}.Debug|Mixed Platforms.ActiveCfg = Debug|Win32
		{DE1021F3-98A3-4468-A6D9-57B4D83D0165}.Debug|Mixed Platforms.Build.0 = Debug|Win32
		{DE1021F3-98A3-4468-A6D9-57B4D83D0165}.Debug|Win32.ActiveCfg = Debug|Win32
		{DE1021F3-98A3-4468-A6D9-57B4D83D0165}.Debug|Win32.Build.0 = Debug|Win32
		{DE1021F3-98A3-4468-A6D9-57B4D83D0165}.Release|Any CPU.ActiveCfg = Release|Win32
		{DE1021F3-98A3-4468-A6D9-57B4D83D0165}.Release|Mixed Platforms.ActiveCfg = Release|Win32
		{DE1021F3-98A3-4468-A6D9-57B4D83D0165}.Release|Mixed Platforms.Build.0 = Release|Win32
		{DE1021F3-98A3-4468-A6D9-57B4D83D0165}.Release|Win32.ActiveCfg = Release|Win32
		{DE1021F3-98A3-4468-A6D9-57B4D83D0165}.Release|Win32.Build.0 = Release|Win32
		{EC52CEDA-4F35-469A-8975-98776EA8EA93}.Debug|Any CPU.ActiveCfg = Debug|Win32
		{EC52CEDA-4F35-469A-8975-98776EA8EA93}.Debug|Mixed Platforms.ActiveCfg = Debug|Win32
		{EC52CEDA-4F35-469A-8975-98776EA8EA93}.Debug|Mixed Platforms.Build.0 = Debug|Win32
		{EC52CEDA-4F35-469A-8975-98776EA8EA93}.Debug|Win32.ActiveCfg = Debug|Win32
		{EC52CEDA-4F35-469A-8975-98776EA8EA93}.Debug|Win32.Build.0 = Debug|Win32
		{EC52CEDA-4F35-469A-8975-98776EA8EA93}.Release|Any CPU.ActiveCfg = Release|Win32
		{EC52CEDA-4F35-469A-8975-98776EA8EA93}.Release|Mixed Platforms.ActiveCfg = Release|Win32
		{EC52CEDA-4F35-469A-8975-98776EA8EA93}.Release|Mixed Platforms.Build.0 = Release|Win32
		{EC52CEDA-4F35-469A-8975-98776EA8EA93}.Release|Win32.ActiveCfg = Release|Win32
		{EC52CEDA-4F35-469A-8975-98776EA8EA93}.Release|Win32.Build.0 = Release|Win32
		{56C9ED63-57EE-424B-905C-093AEC3766A1}.Debug|Any CPU.ActiveCfg = Debug|Win32
		{56C9ED63-57EE-424B-905C-093AEC3766A1}.Debug|Mixed Platforms.ActiveCfg = Debug|Win32
		{56C9ED63-57EE-424B-905C-093AEC3766A1}.Debug|Mixed Platforms.Build.0 = Debug|Win32
		{56C9ED63-57EE-424B-905C-093AEC3766A1}.Debug|Win32.ActiveCfg = Debug|Win32
		{56C9ED63-57EE-424B-905C-093AEC3766A1}.Debug|Win32.Build.0 = Debug|Win32
		{56C9ED63-57EE-424B-905C-093AEC3766A1}.Release|Any CPU.ActiveCfg = Release|Win32
		{56C9ED63-57EE-424B-905C-093AEC3766A1}.Release|Mixed Platforms.ActiveCfg = Release|Win32
		{56C9ED63-57EE-424B-905C-093AEC3766A1}.Release|Mixed Platforms.Build.0 = Release|Win32
		{56C9ED63-57EE-424B-905C-093AEC3766A1}.Release|Win32.ActiveCfg = Release|Win32
		{56C9ED63-57EE-424B-905C-093AEC3766A1}.Release|Win32.Build.0 = Release|Win32
		{07F07145-CA0B-4281-AD5F-0ABF9C4D4716}.Debug|Any CPU.ActiveCfg = Debug|Win32
		{07F07145-CA0B-4281-AD5F-0ABF9C4D4716}.Debug|Mixed Platforms.ActiveCfg = Debug|Win32
		{07F07145-CA0B-4281-AD5F-0ABF9C4D4716}.Debug|Mixed Platforms.Build.0 = Debug|Win32
		{07F07145-CA0B-4281-AD5F-0ABF9C4D4716}.Debug|Win32.ActiveCfg = Debug|Win32
		{07F07145-CA0B-4281-AD5F-0ABF9C4D4716}.Debug|Win32.Build.0 = Debug|Win32
		{07F07145-CA0B-4281-AD5F-0ABF9C4D4716}.Release|Any CPU.ActiveCfg = Release|Win32
		{07F07145-CA0B-4281-AD5F-0ABF9C4D4716}.Release|Mixed Platforms.ActiveCfg = Release|Win32
		{07F07145-CA0B-4281-AD5F-0ABF9C4D4716}.Release|Mixed Platforms.Build.0 = Release|Win32
		{07F07145-CA0B-4281-AD5F-0ABF9C4D4716}.Release|Win32.ActiveCfg = Release|Win32
		{07F07145-CA0B-4281-AD5F-0ABF9C4D4716}.Release|Win32.Build.0 = Release|Win32
		{0C6A0F55-D818-43D5-ACE4-848D6AD1C297}.Debug|Any CPU.ActiveCfg = Debug|Win32
		{0C6A0F55-D818-43D5-ACE4-848D6AD1C297}.Debug|Mixed Platforms.ActiveCfg = Debug|Win32
		{0C6A0F55-D818-43D5-ACE4-848D6AD1C297}.Debug|Mixed Platforms.Build.0 = Debug|Win32
		{0C6A0F55-D818-43D5-ACE4-848D6AD1C297}.Debug|Win32.ActiveCfg = Debug|Win32
		{0C6A0F55-D818-43D5-ACE4-848D6AD1C297}.Debug|Win32.Build.0 = Debug|Win32
		{0C6A0F55-D818-43D5-ACE4-848D6AD1C297}.Debug|Win32.Deploy.0 = Debug|Win32
		{0C6A0F55-D818-43D5-ACE4-848D6AD1C297}.Release|Any CPU.ActiveCfg = Release|Win32
		{0C6A0F55-D818-43D5-ACE4-848D6AD1C297}.Release|Mixed Platforms.ActiveCfg = Release|Win32
		{0C6A0F55-D818-43D5-ACE4-848D6AD1C297}.Release|Mixed Platforms.Build.0 = Release|Win32
		{0C6A0F55-D818-43D5-ACE4-848D6AD1C297}.Release|Win32.ActiveCfg = Release|Win32
		{0C6A0F55-D818-43D5-ACE4-848D6AD1C297}.Release|Win32.Build.0 = Release|Win32
		{EB828D24-C453-4059-A484-2B6BFB96E1C4}.Debug|Any CPU.ActiveCfg = Debug|Win32
		{EB828D24-C453-4059-A484-2B6BFB96E1C4}.Debug|Mixed Platforms.ActiveCfg = Debug|Win32
		{EB828D24-C453-4059-A484-2B6BFB96E1C4}.Debug|Mixed Platforms.Build.0 = Debug|Win32
		{EB828D24-C453-4059-A484-2B6BFB96E1C4}.Debug|Win32.ActiveCfg = Debug|Win32
		{EB828D24-C453-4059-A484-2B6BFB96E1C4}.Debug|Win32.Build.0 = Debug|Win32
		{EB828D24-C453-4059-A484-2B6BFB96E1C4}.Release|Any CPU.ActiveCfg = Release|Win32
		{EB828D24-C453-4059-A484-2B6BFB96E1C4}.Release|Mixed Platforms.ActiveCfg = Release|Win32
		{EB828D24-C453-4059-A484-2B6BFB96E1C4}.Release|Mixed Platforms.Build.0 = Release|Win32
		{EB828D24-C453-4059-A484-2B6BFB96E1C4}.Release|Win32.ActiveCfg = Release|Win32
		{EB828D24-C453-4059-A484-2B6BFB96E1C4}.Release|Win32.Build.0 = Release|Win32
		{C8F6C172-56F2-4E76-B5FA-C3B423B31BE7}.Debug|Any CPU.ActiveCfg = Debug|Win32
		{C8F6C172-56F2-4E76-B5FA-C3B423B31BE7}.Debug|Mixed Platforms.ActiveCfg = Debug|Win32
		{C8F6C172-56F2-4E76-B5FA-C3B423B31BE7}.Debug|Mixed Platforms.Build.0 = Debug|Win32
		{C8F6C172-56F2-4E76-B5FA-C3B423B31BE7}.Debug|Win32.ActiveCfg = Debug|Win32
		{C8F6C172-56F2-4E76-B5FA-C3B423B31BE7}.Debug|Win32.Build.0 = Debug|Win32
		{C8F6C172-56F2-4E76-B5FA-C3B423B31BE7}.Release|Any CPU.ActiveCfg = Release|Win32
		{C8F6C172-56F2-4E76-B5FA-C3B423B31BE7}.Release|Mixed Platforms.ActiveCfg = Release|Win32
		{C8F6C172-56F2-4E76-B5FA-C3B423B31BE7}.Release|Mixed Platforms.Build.0 = Release|Win32
		{C8F6C172-56F2-4E76-B5FA-C3B423B31BE7}.Release|Win32.ActiveCfg = Release|Win32
		{C8F6C172-56F2-4E76-B5FA-C3B423B31BE7}.Release|Win32.Build.0 = Release|Win32
		{DAFEEEBB-B1F1-44C8-9AC4-2BF0F8EF6C24}.Debug|Any CPU.ActiveCfg = Debug|Any CPU
		{DAFEEEBB-B1F1-44C8-9AC4-2BF0F8EF6C24}.Debug|Any CPU.Build.0 = Debug|Any CPU
		{DAFEEEBB-B1F1-44C8-9AC4-2BF0F8EF6C24}.Debug|Mixed Platforms.ActiveCfg = Debug|Any CPU
		{DAFEEEBB-B1F1-44C8-9AC4-2BF0F8EF6C24}.Debug|Mixed Platforms.Build.0 = Debug|Any CPU
		{DAFEEEBB-B1F1-44C8-9AC4-2BF0F8EF6C24}.Debug|Win32.ActiveCfg = Debug|Any CPU
		{DAFEEEBB-B1F1-44C8-9AC4-2BF0F8EF6C24}.Debug|Win32.Build.0 = Debug|Any CPU
		{DAFEEEBB-B1F1-44C8-9AC4-2BF0F8EF6C24}.Release|Any CPU.ActiveCfg = Release|Any CPU
		{DAFEEEBB-B1F1-44C8-9AC4-2BF0F8EF6C24}.Release|Any CPU.Build.0 = Release|Any CPU
		{DAFEEEBB-B1F1-44C8-9AC4-2BF0F8EF6C24}.Release|Mixed Platforms.ActiveCfg = Release|Any CPU
		{DAFEEEBB-B1F1-44C8-9AC4-2BF0F8EF6C24}.Release|Mixed Platforms.Build.0 = Release|Any CPU
		{DAFEEEBB-B1F1-44C8-9AC4-2BF0F8EF6C24}.Release|Win32.ActiveCfg = Release|Any CPU
		{BCF878F6-1997-4C3D-864E-12F0C1B5EB5E}.Debug|Any CPU.ActiveCfg = Debug|Win32
		{BCF878F6-1997-4C3D-864E-12F0C1B5EB5E}.Debug|Mixed Platforms.ActiveCfg = Debug|Win32
		{BCF878F6-1997-4C3D-864E-12F0C1B5EB5E}.Debug|Mixed Platforms.Build.0 = Debug|Win32
		{BCF878F6-1997-4C3D-864E-12F0C1B5EB5E}.Debug|Win32.ActiveCfg = Debug|Win32
		{BCF878F6-1997-4C3D-864E-12F0C1B5EB5E}.Debug|Win32.Build.0 = Debug|Win32
		{BCF878F6-1997-4C3D-864E-12F0C1B5EB5E}.Release|Any CPU.ActiveCfg = Release|Win32
		{BCF878F6-1997-4C3D-864E-12F0C1B5EB5E}.Release|Mixed Platforms.ActiveCfg = Release|Win32
		{BCF878F6-1997-4C3D-864E-12F0C1B5EB5E}.Release|Mixed Platforms.Build.0 = Release|Win32
		{BCF878F6-1997-4C3D-864E-12F0C1B5EB5E}.Release|Win32.ActiveCfg = Release|Win32
		{BCF878F6-1997-4C3D-864E-12F0C1B5EB5E}.Release|Win32.Build.0 = Release|Win32
		{8EBD5A9A-E149-4E24-B5CA-7EBE0CC45A08}.Debug|Any CPU.ActiveCfg = Debug|Win32
		{8EBD5A9A-E149-4E24-B5CA-7EBE0CC45A08}.Debug|Mixed Platforms.ActiveCfg = Debug|Win32
		{8EBD5A9A-E149-4E24-B5CA-7EBE0CC45A08}.Debug|Mixed Platforms.Build.0 = Debug|Win32
		{8EBD5A9A-E149-4E24-B5CA-7EBE0CC45A08}.Debug|Win32.ActiveCfg = Debug|Win32
		{8EBD5A9A-E149-4E24-B5CA-7EBE0CC45A08}.Debug|Win32.Build.0 = Debug|Win32
		{8EBD5A9A-E149-4E24-B5CA-7EBE0CC45A08}.Release|Any CPU.ActiveCfg = Release|Win32
		{8EBD5A9A-E149-4E24-B5CA-7EBE0CC45A08}.Release|Mixed Platforms.ActiveCfg = Release|Win32
		{8EBD5A9A-E149-4E24-B5CA-7EBE0CC45A08}.Release|Mixed Platforms.Build.0 = Release|Win32
		{8EBD5A9A-E149-4E24-B5CA-7EBE0CC45A08}.Release|Win32.ActiveCfg = Release|Win32
		{8EBD5A9A-E149-4E24-B5CA-7EBE0CC45A08}.Release|Win32.Build.0 = Release|Win32
		{160CA888-2434-48A8-AD4E-02140E3B2C52}.Debug|Any CPU.ActiveCfg = Debug|Win32
		{160CA888-2434-48A8-AD4E-02140E3B2C52}.Debug|Mixed Platforms.ActiveCfg = Debug|Win32
		{160CA888-2434-48A8-AD4E-02140E3B2C52}.Debug|Mixed Platforms.Build.0 = Debug|Win32
		{160CA888-2434-48A8-AD4E-02140E3B2C52}.Debug|Win32.ActiveCfg = Debug|Win32
		{160CA888-2434-48A8-AD4E-02140E3B2C52}.Debug|Win32.Build.0 = Debug|Win32
		{160CA888-2434-48A8-AD4E-02140E3B2C52}.Release|Any CPU.ActiveCfg = Release|Win32
		{160CA888-2434-48A8-AD4E-02140E3B2C52}.Release|Mixed Platforms.ActiveCfg = Release|Win32
		{160CA888-2434-48A8-AD4E-02140E3B2C52}.Release|Mixed Platforms.Build.0 = Release|Win32
		{160CA888-2434-48A8-AD4E-02140E3B2C52}.Release|Win32.ActiveCfg = Release|Win32
		{160CA888-2434-48A8-AD4E-02140E3B2C52}.Release|Win32.Build.0 = Release|Win32
		{E5E45F1A-C3C0-49CA-98DE-B26185AD8694}.Debug|Any CPU.ActiveCfg = Debug|Win32
		{E5E45F1A-C3C0-49CA-98DE-B26185AD8694}.Debug|Mixed Platforms.ActiveCfg = Debug|Win32
		{E5E45F1A-C3C0-49CA-98DE-B26185AD8694}.Debug|Mixed Platforms.Build.0 = Debug|Win32
		{E5E45F1A-C3C0-49CA-98DE-B26185AD8694}.Debug|Win32.ActiveCfg = Debug|Win32
		{E5E45F1A-C3C0-49CA-98DE-B26185AD8694}.Debug|Win32.Build.0 = Debug|Win32
		{E5E45F1A-C3C0-49CA-98DE-B26185AD8694}.Release|Any CPU.ActiveCfg = Release|Win32
		{E5E45F1A-C3C0-49CA-98DE-B26185AD8694}.Release|Mixed Platforms.ActiveCfg = Release|Win32
		{E5E45F1A-C3C0-49CA-98DE-B26185AD8694}.Release|Mixed Platforms.Build.0 = Release|Win32
		{E5E45F1A-C3C0-49CA-98DE-B26185AD8694}.Release|Win32.ActiveCfg = Release|Win32
		{E5E45F1A-C3C0-49CA-98DE-B26185AD8694}.Release|Win32.Build.0 = Release|Win32
		{B31B380B-F343-40FD-901C-A7597485716E}.Debug|Any CPU.ActiveCfg = Debug|Win32
		{B31B380B-F343-40FD-901C-A7597485716E}.Debug|Mixed Platforms.ActiveCfg = Debug|Win32
		{B31B380B-F343-40FD-901C-A7597485716E}.Debug|Mixed Platforms.Build.0 = Debug|Win32
		{B31B380B-F343-40FD-901C-A7597485716E}.Debug|Win32.ActiveCfg = Debug|Win32
		{B31B380B-F343-40FD-901C-A7597485716E}.Debug|Win32.Build.0 = Debug|Win32
		{B31B380B-F343-40FD-901C-A7597485716E}.Release|Any CPU.ActiveCfg = Release|Win32
		{B31B380B-F343-40FD-901C-A7597485716E}.Release|Mixed Platforms.ActiveCfg = Release|Win32
		{B31B380B-F343-40FD-901C-A7597485716E}.Release|Mixed Platforms.Build.0 = Release|Win32
		{B31B380B-F343-40FD-901C-A7597485716E}.Release|Win32.ActiveCfg = Release|Win32
		{B31B380B-F343-40FD-901C-A7597485716E}.Release|Win32.Build.0 = Release|Win32
	EndGlobalSection
	GlobalSection(SolutionProperties) = preSolution
		HideSolutionNode = FALSE
	EndGlobalSection
EndGlobal
