
Microsoft Visual Studio Solution File, Format Version 11.00
# Visual C++ Express 2010
Project("{8BC9CEB8-8B4A-11D0-8D11-00A0C91BC942}") = "bbs-vs2010", "bbs\bbs-vs2010.vcxproj", "{3F8C8101-59F8-4300-B763-429A29553E13}"
EndProject
Global
	GlobalSection(SolutionConfigurationPlatforms) = preSolution
		Debug|Win32 = Debug|Win32
		Release|Win32 = Release|Win32
	EndGlobalSection
	GlobalSection(ProjectConfigurationPlatforms) = postSolution
		{3F8C8101-59F8-4300-B763-429A29553E13}.Debug|Win32.ActiveCfg = Debug|Win32
		{3F8C8101-59F8-4300-B763-429A29553E13}.Debug|Win32.Build.0 = Debug|Win32
		{3F8C8101-59F8-4300-B763-429A29553E13}.Release|Win32.ActiveCfg = Release|Win32
		{3F8C8101-59F8-4300-B763-429A29553E13}.Release|Win32.Build.0 = Release|Win32
	EndGlobalSection
	GlobalSection(SolutionProperties) = preSolution
		HideSolutionNode = FALSE
	EndGlobalSection
EndGlobal
