<?xml version="1.0" encoding="utf-8"?>
<Project ToolsVersion="4.0" xmlns="http://schemas.microsoft.com/developer/msbuild/2003">
  <ItemGroup>
    <ClCompile Include="bbs_test_main.cpp" />
    <ClCompile Include="strings_test.cpp" />
    <ClCompile Include="stuffin_test.cpp" />
    <ClCompile Include="wfile_test.cpp" />
    <ClCompile Include="xfer_test.cpp" />
    <ClCompile Include="file_helper.cpp" />
    <ClCompile Include="printfile_test.cpp" />
    <ClCompile Include="bbs_helper.cpp" />
    <ClCompile Include="utility_test.cpp" />
    <ClCompile Include="wutil_test.cpp" />
  </ItemGroup>
  <ItemGroup>
    <ClInclude Include="bbs_helper.h" />
    <ClInclude Include="file_helper.h" />
  </ItemGroup>
</Project>