// !$*UTF8*$!
{
	archiveVersion = 1;
	classes = {
	};
	objectVersion = 44;
	objects = {

/* Begin PBXBuildFile section */
		64121D990D18AE5100A657D3 /* bbsfuncs.cpp in Sources */ = {isa = PBXBuildFile; fileRef = 64121D930D18AE5100A657D3 /* bbsfuncs.cpp */; };
		64121D9A0D18AE5100A657D3 /* main.cpp in Sources */ = {isa = PBXBuildFile; fileRef = 64121D940D18AE5100A657D3 /* main.cpp */; };
		64121D9B0D18AE5100A657D3 /* sys_general.cpp in Sources */ = {isa = PBXBuildFile; fileRef = 64121D950D18AE5100A657D3 /* sys_general.cpp */; };
		64121D9C0D18AE5100A657D3 /* sys_paths.cpp in Sources */ = {isa = PBXBuildFile; fileRef = 64121D970D18AE5100A657D3 /* sys_paths.cpp */; };
		64121DBE0D18AEAA00A657D3 /* Colors.cpp in Sources */ = {isa = PBXBuildFile; fileRef = 64121DB00D18AEAA00A657D3 /* Colors.cpp */; };
		64121DBF0D18AEAA00A657D3 /* Command.cpp in Sources */ = {isa = PBXBuildFile; fileRef = 64121DB10D18AEAA00A657D3 /* Command.cpp */; };
		64121DC00D18AEAA00A657D3 /* Component.cpp in Sources */ = {isa = PBXBuildFile; fileRef = 64121DB20D18AEAA00A657D3 /* Component.cpp */; };
		64121DC10D18AEAA00A657D3 /* Desktop.cpp in Sources */ = {isa = PBXBuildFile; fileRef = 64121DB30D18AEAA00A657D3 /* Desktop.cpp */; };
		64121DC20D18AEAA00A657D3 /* InputBox.cpp in Sources */ = {isa = PBXBuildFile; fileRef = 64121DB40D18AEAA00A657D3 /* InputBox.cpp */; };
		64121DC30D18AEAA00A657D3 /* Menu.cpp in Sources */ = {isa = PBXBuildFile; fileRef = 64121DB50D18AEAA00A657D3 /* Menu.cpp */; };
		64121DC40D18AEAA00A657D3 /* MenuBar.cpp in Sources */ = {isa = PBXBuildFile; fileRef = 64121DB60D18AEAA00A657D3 /* MenuBar.cpp */; };
		64121DC50D18AEAA00A657D3 /* MenuItem.cpp in Sources */ = {isa = PBXBuildFile; fileRef = 64121DB70D18AEAA00A657D3 /* MenuItem.cpp */; };
		64121DC60D18AEAA00A657D3 /* MessageBox.cpp in Sources */ = {isa = PBXBuildFile; fileRef = 64121DB80D18AEAA00A657D3 /* MessageBox.cpp */; };
		64121DC70D18AEAA00A657D3 /* PopupMenu.cpp in Sources */ = {isa = PBXBuildFile; fileRef = 64121DB90D18AEAA00A657D3 /* PopupMenu.cpp */; };
		64121DC80D18AEAA00A657D3 /* SubWindow.cpp in Sources */ = {isa = PBXBuildFile; fileRef = 64121DBA0D18AEAA00A657D3 /* SubWindow.cpp */; };
		64121DC90D18AEAA00A657D3 /* TUI.cpp in Sources */ = {isa = PBXBuildFile; fileRef = 64121DBB0D18AEAA00A657D3 /* TUI.cpp */; };
		64121DCA0D18AEAA00A657D3 /* View.cpp in Sources */ = {isa = PBXBuildFile; fileRef = 64121DBC0D18AEAA00A657D3 /* View.cpp */; };
		64121DCB0D18AEAA00A657D3 /* Window.cpp in Sources */ = {isa = PBXBuildFile; fileRef = 64121DBD0D18AEAA00A657D3 /* Window.cpp */; };
		64121DDB0D18AEB500A657D3 /* Colors.h in Headers */ = {isa = PBXBuildFile; fileRef = 64121DCD0D18AEB500A657D3 /* Colors.h */; };
		64121DDC0D18AEB500A657D3 /* Command.h in Headers */ = {isa = PBXBuildFile; fileRef = 64121DCE0D18AEB500A657D3 /* Command.h */; };
		64121DDD0D18AEB500A657D3 /* Component.h in Headers */ = {isa = PBXBuildFile; fileRef = 64121DCF0D18AEB500A657D3 /* Component.h */; };
		64121DDE0D18AEB500A657D3 /* Desktop.h in Headers */ = {isa = PBXBuildFile; fileRef = 64121DD00D18AEB500A657D3 /* Desktop.h */; };
		64121DDF0D18AEB500A657D3 /* InputBox.h in Headers */ = {isa = PBXBuildFile; fileRef = 64121DD10D18AEB500A657D3 /* InputBox.h */; };
		64121DE00D18AEB500A657D3 /* Menu.h in Headers */ = {isa = PBXBuildFile; fileRef = 64121DD20D18AEB500A657D3 /* Menu.h */; };
		64121DE10D18AEB500A657D3 /* MenuBar.h in Headers */ = {isa = PBXBuildFile; fileRef = 64121DD30D18AEB500A657D3 /* MenuBar.h */; };
		64121DE20D18AEB500A657D3 /* MenuItem.h in Headers */ = {isa = PBXBuildFile; fileRef = 64121DD40D18AEB500A657D3 /* MenuItem.h */; };
		64121DE30D18AEB500A657D3 /* MessageBox.h in Headers */ = {isa = PBXBuildFile; fileRef = 64121DD50D18AEB500A657D3 /* MessageBox.h */; };
		64121DE40D18AEB500A657D3 /* PopupMenu.h in Headers */ = {isa = PBXBuildFile; fileRef = 64121DD60D18AEB500A657D3 /* PopupMenu.h */; };
		64121DE50D18AEB500A657D3 /* SubWindow.h in Headers */ = {isa = PBXBuildFile; fileRef = 64121DD70D18AEB500A657D3 /* SubWindow.h */; };
		64121DE60D18AEB500A657D3 /* View.h in Headers */ = {isa = PBXBuildFile; fileRef = 64121DD80D18AEB500A657D3 /* View.h */; };
		64121DE70D18AEB500A657D3 /* Window.h in Headers */ = {isa = PBXBuildFile; fileRef = 64121DD90D18AEB500A657D3 /* Window.h */; };
		64121DE80D18AEB500A657D3 /* TextUI.h in Headers */ = {isa = PBXBuildFile; fileRef = 64121DDA0D18AEB500A657D3 /* TextUI.h */; };
		64121E530D18B18D00A657D3 /* WFile.cpp in Sources */ = {isa = PBXBuildFile; fileRef = 64689B6B0D18A10600A7A3C2 /* WFile.cpp */; };
		64121E540D18B19C00A657D3 /* version.cpp in Sources */ = {isa = PBXBuildFile; fileRef = 64689AF20D18A05F00A7A3C2 /* version.cpp */; };
		64121E570D18B1B600A657D3 /* wfndfile.cpp in Sources */ = {isa = PBXBuildFile; fileRef = 64689B6C0D18A10600A7A3C2 /* wfndfile.cpp */; };
		64121E580D18B1C500A657D3 /* WStringUtils.cpp in Sources */ = {isa = PBXBuildFile; fileRef = 64689B000D18A05F00A7A3C2 /* WStringUtils.cpp */; };
		6434A8100D257A9A009F421C /* menuinterpretcommand.cpp in Sources */ = {isa = PBXBuildFile; fileRef = 6434A80F0D257A9A009F421C /* menuinterpretcommand.cpp */; };
		64689A790D189FA800A7A3C2 /* asv.cpp in Sources */ = {isa = PBXBuildFile; fileRef = 64689A6A0D189FA800A7A3C2 /* asv.cpp */; };
		64689A7A0D189FA800A7A3C2 /* attach.cpp in Sources */ = {isa = PBXBuildFile; fileRef = 64689A6B0D189FA800A7A3C2 /* attach.cpp */; };
		64689A7B0D189FA800A7A3C2 /* automsg.cpp in Sources */ = {isa = PBXBuildFile; fileRef = 64689A6C0D189FA800A7A3C2 /* automsg.cpp */; };
		64689A7C0D189FA800A7A3C2 /* batch.cpp in Sources */ = {isa = PBXBuildFile; fileRef = 64689A6D0D189FA800A7A3C2 /* batch.cpp */; };
		64689A7D0D189FA800A7A3C2 /* bbs.cpp in Sources */ = {isa = PBXBuildFile; fileRef = 64689A6E0D189FA800A7A3C2 /* bbs.cpp */; };
		64689A7E0D189FA800A7A3C2 /* bbslist.cpp in Sources */ = {isa = PBXBuildFile; fileRef = 64689A700D189FA800A7A3C2 /* bbslist.cpp */; };
		64689A7F0D189FA800A7A3C2 /* bbsovl1.cpp in Sources */ = {isa = PBXBuildFile; fileRef = 64689A710D189FA800A7A3C2 /* bbsovl1.cpp */; };
		64689A800D189FA800A7A3C2 /* bbsovl2.cpp in Sources */ = {isa = PBXBuildFile; fileRef = 64689A720D189FA800A7A3C2 /* bbsovl2.cpp */; };
		64689A810D189FA800A7A3C2 /* bbsovl3.cpp in Sources */ = {isa = PBXBuildFile; fileRef = 64689A730D189FA800A7A3C2 /* bbsovl3.cpp */; };
		64689A820D189FA800A7A3C2 /* bbsutl.cpp in Sources */ = {isa = PBXBuildFile; fileRef = 64689A740D189FA800A7A3C2 /* bbsutl.cpp */; };
		64689A830D189FA800A7A3C2 /* bbsutl1.cpp in Sources */ = {isa = PBXBuildFile; fileRef = 64689A750D189FA800A7A3C2 /* bbsutl1.cpp */; };
		64689A840D189FA800A7A3C2 /* bbsutl2.cpp in Sources */ = {isa = PBXBuildFile; fileRef = 64689A760D189FA800A7A3C2 /* bbsutl2.cpp */; };
		64689A850D189FA800A7A3C2 /* bgetch.cpp in Sources */ = {isa = PBXBuildFile; fileRef = 64689A770D189FA800A7A3C2 /* bgetch.cpp */; };
		64689A860D189FA800A7A3C2 /* bputch.cpp in Sources */ = {isa = PBXBuildFile; fileRef = 64689A780D189FA800A7A3C2 /* bputch.cpp */; };
		64689A9D0D189FB500A7A3C2 /* callback.cpp in Sources */ = {isa = PBXBuildFile; fileRef = 64689A870D189FB500A7A3C2 /* callback.cpp */; };
		64689A9E0D189FB500A7A3C2 /* chains.cpp in Sources */ = {isa = PBXBuildFile; fileRef = 64689A880D189FB500A7A3C2 /* chains.cpp */; };
		64689A9F0D189FB500A7A3C2 /* chat.cpp in Sources */ = {isa = PBXBuildFile; fileRef = 64689A890D189FB500A7A3C2 /* chat.cpp */; };
		64689AA00D189FB500A7A3C2 /* chnedit.cpp in Sources */ = {isa = PBXBuildFile; fileRef = 64689A8A0D189FB500A7A3C2 /* chnedit.cpp */; };
		64689AA10D189FB500A7A3C2 /* colors.cpp in Sources */ = {isa = PBXBuildFile; fileRef = 64689A8B0D189FB500A7A3C2 /* colors.cpp */; };
		64689AA20D189FB500A7A3C2 /* com.cpp in Sources */ = {isa = PBXBuildFile; fileRef = 64689A8C0D189FB500A7A3C2 /* com.cpp */; };
		64689AA30D189FB500A7A3C2 /* conf.cpp in Sources */ = {isa = PBXBuildFile; fileRef = 64689A8E0D189FB500A7A3C2 /* conf.cpp */; };
		64689AA40D189FB500A7A3C2 /* confutil.cpp in Sources */ = {isa = PBXBuildFile; fileRef = 64689A8F0D189FB500A7A3C2 /* confutil.cpp */; };
		64689AA50D189FB500A7A3C2 /* connect1.cpp in Sources */ = {isa = PBXBuildFile; fileRef = 64689A900D189FB500A7A3C2 /* connect1.cpp */; };
		64689AA60D189FB500A7A3C2 /* crc.cpp in Sources */ = {isa = PBXBuildFile; fileRef = 64689A910D189FB500A7A3C2 /* crc.cpp */; };
		64689AA70D189FB500A7A3C2 /* defaults.cpp in Sources */ = {isa = PBXBuildFile; fileRef = 64689A920D189FB500A7A3C2 /* defaults.cpp */; };
		64689AA80D189FB500A7A3C2 /* diredit.cpp in Sources */ = {isa = PBXBuildFile; fileRef = 64689A930D189FB500A7A3C2 /* diredit.cpp */; };
		64689AA90D189FB500A7A3C2 /* dirlist.cpp in Sources */ = {isa = PBXBuildFile; fileRef = 64689A940D189FB500A7A3C2 /* dirlist.cpp */; };
		64689AAA0D189FB500A7A3C2 /* dropfile.cpp in Sources */ = {isa = PBXBuildFile; fileRef = 64689A950D189FB500A7A3C2 /* dropfile.cpp */; };
		64689AAB0D189FB500A7A3C2 /* dupphone.cpp in Sources */ = {isa = PBXBuildFile; fileRef = 64689A960D189FB500A7A3C2 /* dupphone.cpp */; };
		64689AAC0D189FB500A7A3C2 /* events.cpp in Sources */ = {isa = PBXBuildFile; fileRef = 64689A970D189FB500A7A3C2 /* events.cpp */; };
		64689AAD0D189FB500A7A3C2 /* execexternal.cpp in Sources */ = {isa = PBXBuildFile; fileRef = 64689A980D189FB500A7A3C2 /* execexternal.cpp */; };
		64689AAE0D189FB500A7A3C2 /* extract.cpp in Sources */ = {isa = PBXBuildFile; fileRef = 64689A990D189FB500A7A3C2 /* extract.cpp */; };
		64689AAF0D189FB500A7A3C2 /* FindUser.cpp in Sources */ = {isa = PBXBuildFile; fileRef = 64689A9C0D189FB500A7A3C2 /* FindUser.cpp */; };
		64689B0F0D18A05F00A7A3C2 /* gfiles.cpp in Sources */ = {isa = PBXBuildFile; fileRef = 64689AB30D18A05F00A7A3C2 /* gfiles.cpp */; };
		64689B100D18A05F00A7A3C2 /* gfledit.cpp in Sources */ = {isa = PBXBuildFile; fileRef = 64689AB40D18A05F00A7A3C2 /* gfledit.cpp */; };
		64689B110D18A05F00A7A3C2 /* hop.cpp in Sources */ = {isa = PBXBuildFile; fileRef = 64689AB50D18A05F00A7A3C2 /* hop.cpp */; };
		64689B120D18A05F00A7A3C2 /* inetmsg.cpp in Sources */ = {isa = PBXBuildFile; fileRef = 64689AB60D18A05F00A7A3C2 /* inetmsg.cpp */; };
		64689B130D18A05F00A7A3C2 /* ini.cpp in Sources */ = {isa = PBXBuildFile; fileRef = 64689AB70D18A05F00A7A3C2 /* ini.cpp */; };
		64689B140D18A05F00A7A3C2 /* inmsg.cpp in Sources */ = {isa = PBXBuildFile; fileRef = 64689AB90D18A05F00A7A3C2 /* inmsg.cpp */; };
		64689B150D18A05F00A7A3C2 /* input.cpp in Sources */ = {isa = PBXBuildFile; fileRef = 64689ABA0D18A05F00A7A3C2 /* input.cpp */; };
		64689B160D18A05F00A7A3C2 /* instmsg.cpp in Sources */ = {isa = PBXBuildFile; fileRef = 64689ABB0D18A05F00A7A3C2 /* instmsg.cpp */; };
		64689B170D18A05F00A7A3C2 /* interpret.cpp in Sources */ = {isa = PBXBuildFile; fileRef = 64689ABD0D18A05F00A7A3C2 /* interpret.cpp */; };
		64689B180D18A05F00A7A3C2 /* lilo.cpp in Sources */ = {isa = PBXBuildFile; fileRef = 64689ABE0D18A05F00A7A3C2 /* lilo.cpp */; };
		64689B190D18A05F00A7A3C2 /* listplus.cpp in Sources */ = {isa = PBXBuildFile; fileRef = 64689ABF0D18A05F00A7A3C2 /* listplus.cpp */; };
		64689B1A0D18A05F00A7A3C2 /* lpfunc.cpp in Sources */ = {isa = PBXBuildFile; fileRef = 64689AC10D18A05F00A7A3C2 /* lpfunc.cpp */; };
		64689B1B0D18A05F00A7A3C2 /* memory.cpp in Sources */ = {isa = PBXBuildFile; fileRef = 64689AC20D18A05F00A7A3C2 /* memory.cpp */; };
		64689B1C0D18A05F00A7A3C2 /* menu.cpp in Sources */ = {isa = PBXBuildFile; fileRef = 64689AC30D18A05F00A7A3C2 /* menu.cpp */; };
		64689B1D0D18A05F00A7A3C2 /* menuedit.cpp in Sources */ = {isa = PBXBuildFile; fileRef = 64689AC50D18A05F00A7A3C2 /* menuedit.cpp */; };
		64689B1E0D18A05F00A7A3C2 /* menuspec.cpp in Sources */ = {isa = PBXBuildFile; fileRef = 64689AC60D18A05F00A7A3C2 /* menuspec.cpp */; };
		64689B1F0D18A05F00A7A3C2 /* menusupp.cpp in Sources */ = {isa = PBXBuildFile; fileRef = 64689AC70D18A05F00A7A3C2 /* menusupp.cpp */; };
		64689B210D18A05F00A7A3C2 /* misccmd.cpp in Sources */ = {isa = PBXBuildFile; fileRef = 64689AC90D18A05F00A7A3C2 /* misccmd.cpp */; };
		64689B220D18A05F00A7A3C2 /* modem.cpp in Sources */ = {isa = PBXBuildFile; fileRef = 64689ACA0D18A05F00A7A3C2 /* modem.cpp */; };
		64689B230D18A05F00A7A3C2 /* msgbase.cpp in Sources */ = {isa = PBXBuildFile; fileRef = 64689ACB0D18A05F00A7A3C2 /* msgbase.cpp */; };
		64689B240D18A05F00A7A3C2 /* msgbase1.cpp in Sources */ = {isa = PBXBuildFile; fileRef = 64689ACC0D18A05F00A7A3C2 /* msgbase1.cpp */; };
		64689B250D18A05F00A7A3C2 /* msgscan.cpp in Sources */ = {isa = PBXBuildFile; fileRef = 64689ACD0D18A05F00A7A3C2 /* msgscan.cpp */; };
		64689B260D18A05F00A7A3C2 /* multinst.cpp in Sources */ = {isa = PBXBuildFile; fileRef = 64689ACE0D18A05F00A7A3C2 /* multinst.cpp */; };
		64689B270D18A05F00A7A3C2 /* multmail.cpp in Sources */ = {isa = PBXBuildFile; fileRef = 64689ACF0D18A05F00A7A3C2 /* multmail.cpp */; };
		64689B280D18A05F00A7A3C2 /* netsup.cpp in Sources */ = {isa = PBXBuildFile; fileRef = 64689AD10D18A05F00A7A3C2 /* netsup.cpp */; };
		64689B290D18A05F00A7A3C2 /* newuser.cpp in Sources */ = {isa = PBXBuildFile; fileRef = 64689AD20D18A05F00A7A3C2 /* newuser.cpp */; };
		64689B2A0D18A05F00A7A3C2 /* normupld.cpp in Sources */ = {isa = PBXBuildFile; fileRef = 64689AD30D18A05F00A7A3C2 /* normupld.cpp */; };
		64689B2B0D18A05F00A7A3C2 /* pause.cpp in Sources */ = {isa = PBXBuildFile; fileRef = 64689AD40D18A05F00A7A3C2 /* pause.cpp */; };
		64689B2C0D18A05F00A7A3C2 /* printfile.cpp in Sources */ = {isa = PBXBuildFile; fileRef = 64689AD50D18A05F00A7A3C2 /* printfile.cpp */; };
		64689B2D0D18A05F00A7A3C2 /* quote.cpp in Sources */ = {isa = PBXBuildFile; fileRef = 64689AD60D18A05F00A7A3C2 /* quote.cpp */; };
		64689B2E0D18A05F00A7A3C2 /* readmail.cpp in Sources */ = {isa = PBXBuildFile; fileRef = 64689AD70D18A05F00A7A3C2 /* readmail.cpp */; };
		64689B2F0D18A05F00A7A3C2 /* shortmsg.cpp in Sources */ = {isa = PBXBuildFile; fileRef = 64689AD90D18A05F00A7A3C2 /* shortmsg.cpp */; };
		64689B300D18A05F00A7A3C2 /* showfiles.cpp in Sources */ = {isa = PBXBuildFile; fileRef = 64689ADA0D18A05F00A7A3C2 /* showfiles.cpp */; };
		64689B310D18A05F00A7A3C2 /* SmallRecord.cpp in Sources */ = {isa = PBXBuildFile; fileRef = 64689ADB0D18A05F00A7A3C2 /* SmallRecord.cpp */; };
		64689B320D18A05F00A7A3C2 /* sr.cpp in Sources */ = {isa = PBXBuildFile; fileRef = 64689ADC0D18A05F00A7A3C2 /* sr.cpp */; };
		64689B330D18A05F00A7A3C2 /* srrcv.cpp in Sources */ = {isa = PBXBuildFile; fileRef = 64689ADD0D18A05F00A7A3C2 /* srrcv.cpp */; };
		64689B340D18A05F00A7A3C2 /* srsend.cpp in Sources */ = {isa = PBXBuildFile; fileRef = 64689ADE0D18A05F00A7A3C2 /* srsend.cpp */; };
		64689B350D18A05F00A7A3C2 /* status.cpp in Sources */ = {isa = PBXBuildFile; fileRef = 64689ADF0D18A05F00A7A3C2 /* status.cpp */; };
		64689B360D18A05F00A7A3C2 /* strings.cpp in Sources */ = {isa = PBXBuildFile; fileRef = 64689AE00D18A05F00A7A3C2 /* strings.cpp */; };
		64689B370D18A05F00A7A3C2 /* stuffin.cpp in Sources */ = {isa = PBXBuildFile; fileRef = 64689AE10D18A05F00A7A3C2 /* stuffin.cpp */; };
		64689B380D18A05F00A7A3C2 /* subacc.cpp in Sources */ = {isa = PBXBuildFile; fileRef = 64689AE20D18A05F00A7A3C2 /* subacc.cpp */; };
		64689B390D18A05F00A7A3C2 /* subedit.cpp in Sources */ = {isa = PBXBuildFile; fileRef = 64689AE30D18A05F00A7A3C2 /* subedit.cpp */; };
		64689B3A0D18A05F00A7A3C2 /* sublist.cpp in Sources */ = {isa = PBXBuildFile; fileRef = 64689AE40D18A05F00A7A3C2 /* sublist.cpp */; };
		64689B3B0D18A05F00A7A3C2 /* subreq.cpp in Sources */ = {isa = PBXBuildFile; fileRef = 64689AE50D18A05F00A7A3C2 /* subreq.cpp */; };
		64689B3C0D18A05F00A7A3C2 /* subxtr.cpp in Sources */ = {isa = PBXBuildFile; fileRef = 64689AE60D18A05F00A7A3C2 /* subxtr.cpp */; };
		64689B3D0D18A05F00A7A3C2 /* syschat.cpp in Sources */ = {isa = PBXBuildFile; fileRef = 64689AE80D18A05F00A7A3C2 /* syschat.cpp */; };
		64689B3E0D18A05F00A7A3C2 /* sysopf.cpp in Sources */ = {isa = PBXBuildFile; fileRef = 64689AE90D18A05F00A7A3C2 /* sysopf.cpp */; };
		64689B3F0D18A05F00A7A3C2 /* sysoplog.cpp in Sources */ = {isa = PBXBuildFile; fileRef = 64689AEA0D18A05F00A7A3C2 /* sysoplog.cpp */; };
		64689B400D18A05F00A7A3C2 /* trytoul.cpp in Sources */ = {isa = PBXBuildFile; fileRef = 64689AEB0D18A05F00A7A3C2 /* trytoul.cpp */; };
		64689B410D18A05F00A7A3C2 /* uedit.cpp in Sources */ = {isa = PBXBuildFile; fileRef = 64689AEC0D18A05F00A7A3C2 /* uedit.cpp */; };
		64689B420D18A05F00A7A3C2 /* user.cpp in Sources */ = {isa = PBXBuildFile; fileRef = 64689AED0D18A05F00A7A3C2 /* user.cpp */; };
		64689B430D18A05F00A7A3C2 /* utility.cpp in Sources */ = {isa = PBXBuildFile; fileRef = 64689AEE0D18A05F00A7A3C2 /* utility.cpp */; };
		64689B440D18A05F00A7A3C2 /* valscan.cpp in Sources */ = {isa = PBXBuildFile; fileRef = 64689AEF0D18A05F00A7A3C2 /* valscan.cpp */; };
		64689B450D18A05F00A7A3C2 /* version.cpp in Sources */ = {isa = PBXBuildFile; fileRef = 64689AF20D18A05F00A7A3C2 /* version.cpp */; };
		64689B460D18A05F00A7A3C2 /* vote.cpp in Sources */ = {isa = PBXBuildFile; fileRef = 64689AF30D18A05F00A7A3C2 /* vote.cpp */; };
		64689B470D18A05F00A7A3C2 /* voteedit.cpp in Sources */ = {isa = PBXBuildFile; fileRef = 64689AF40D18A05F00A7A3C2 /* voteedit.cpp */; };
		64689B480D18A05F00A7A3C2 /* WComm.cpp in Sources */ = {isa = PBXBuildFile; fileRef = 64689AF50D18A05F00A7A3C2 /* WComm.cpp */; };
		64689B490D18A05F00A7A3C2 /* wfc.cpp in Sources */ = {isa = PBXBuildFile; fileRef = 64689AF80D18A05F00A7A3C2 /* wfc.cpp */; };
		64689B4A0D18A05F00A7A3C2 /* WOutStream.cpp in Sources */ = {isa = PBXBuildFile; fileRef = 64689AF90D18A05F00A7A3C2 /* WOutStream.cpp */; };
		64689B4B0D18A05F00A7A3C2 /* WOutStreamBuffer.cpp in Sources */ = {isa = PBXBuildFile; fileRef = 64689AFA0D18A05F00A7A3C2 /* WOutStreamBuffer.cpp */; };
		64689B4C0D18A05F00A7A3C2 /* wqscn.cpp in Sources */ = {isa = PBXBuildFile; fileRef = 64689AFC0D18A05F00A7A3C2 /* wqscn.cpp */; };
		64689B4D0D18A05F00A7A3C2 /* WSession.cpp in Sources */ = {isa = PBXBuildFile; fileRef = 64689AFD0D18A05F00A7A3C2 /* WSession.cpp */; };
		64689B4E0D18A05F00A7A3C2 /* WStringUtils.cpp in Sources */ = {isa = PBXBuildFile; fileRef = 64689B000D18A05F00A7A3C2 /* WStringUtils.cpp */; };
		64689B4F0D18A05F00A7A3C2 /* WTextFile.cpp in Sources */ = {isa = PBXBuildFile; fileRef = 64689B020D18A05F00A7A3C2 /* WTextFile.cpp */; };
		64689B500D18A05F00A7A3C2 /* WUser.cpp in Sources */ = {isa = PBXBuildFile; fileRef = 64689B050D18A05F00A7A3C2 /* WUser.cpp */; };
		64689B510D18A05F00A7A3C2 /* xfer.cpp in Sources */ = {isa = PBXBuildFile; fileRef = 64689B090D18A05F00A7A3C2 /* xfer.cpp */; };
		64689B520D18A05F00A7A3C2 /* xferovl.cpp in Sources */ = {isa = PBXBuildFile; fileRef = 64689B0A0D18A05F00A7A3C2 /* xferovl.cpp */; };
		64689B530D18A05F00A7A3C2 /* xferovl1.cpp in Sources */ = {isa = PBXBuildFile; fileRef = 64689B0B0D18A05F00A7A3C2 /* xferovl1.cpp */; };
		64689B540D18A05F00A7A3C2 /* xfertmp.cpp in Sources */ = {isa = PBXBuildFile; fileRef = 64689B0C0D18A05F00A7A3C2 /* xfertmp.cpp */; };
		64689B550D18A05F00A7A3C2 /* xinit.cpp in Sources */ = {isa = PBXBuildFile; fileRef = 64689B0D0D18A05F00A7A3C2 /* xinit.cpp */; };
		64689B620D18A0F000A7A3C2 /* DateTime.cpp in Sources */ = {isa = PBXBuildFile; fileRef = 64689B600D18A0F000A7A3C2 /* DateTime.cpp */; };
		64689B630D18A0F000A7A3C2 /* wutil.cpp in Sources */ = {isa = PBXBuildFile; fileRef = 64689B610D18A0F000A7A3C2 /* wutil.cpp */; };
		64689B710D18A10600A7A3C2 /* exec.cpp in Sources */ = {isa = PBXBuildFile; fileRef = 64689B640D18A10600A7A3C2 /* exec.cpp */; };
		64689B720D18A10600A7A3C2 /* filestuff.cpp in Sources */ = {isa = PBXBuildFile; fileRef = 64689B650D18A10600A7A3C2 /* filestuff.cpp */; };
		64689B740D18A10600A7A3C2 /* reboot.cpp in Sources */ = {isa = PBXBuildFile; fileRef = 64689B680D18A10600A7A3C2 /* reboot.cpp */; };
		64689B750D18A10600A7A3C2 /* stringstuff.cpp in Sources */ = {isa = PBXBuildFile; fileRef = 64689B690D18A10600A7A3C2 /* stringstuff.cpp */; };
		64689B760D18A10600A7A3C2 /* utility2.cpp in Sources */ = {isa = PBXBuildFile; fileRef = 64689B6A0D18A10600A7A3C2 /* utility2.cpp */; };
		64689B770D18A10600A7A3C2 /* WFile.cpp in Sources */ = {isa = PBXBuildFile; fileRef = 64689B6B0D18A10600A7A3C2 /* WFile.cpp */; };
		64689B780D18A10600A7A3C2 /* wfndfile.cpp in Sources */ = {isa = PBXBuildFile; fileRef = 64689B6C0D18A10600A7A3C2 /* wfndfile.cpp */; };
		64689B790D18A10600A7A3C2 /* Wiou.cpp in Sources */ = {isa = PBXBuildFile; fileRef = 64689B6D0D18A10600A7A3C2 /* Wiou.cpp */; };
		64689B7A0D18A10600A7A3C2 /* WLocalIO.cpp in Sources */ = {isa = PBXBuildFile; fileRef = 64689B6F0D18A10600A7A3C2 /* WLocalIO.cpp */; };
		64689B7B0D18A10600A7A3C2 /* wshare.cpp in Sources */ = {isa = PBXBuildFile; fileRef = 64689B700D18A10600A7A3C2 /* wshare.cpp */; };
		64689BD50D18A92E00A7A3C2 /* unittests.cpp in Sources */ = {isa = PBXBuildFile; fileRef = 64689BD30D18A92E00A7A3C2 /* unittests.cpp */; };
		64689BE40D18A97D00A7A3C2 /* crctab.cpp in Sources */ = {isa = PBXBuildFile; fileRef = 64689BD80D18A97D00A7A3C2 /* crctab.cpp */; };
		64689BE70D18A97D00A7A3C2 /* zmodem.cpp in Sources */ = {isa = PBXBuildFile; fileRef = 64689BDD0D18A97D00A7A3C2 /* zmodem.cpp */; };
		64689BE80D18A97D00A7A3C2 /* zmodemcrc.cpp in Sources */ = {isa = PBXBuildFile; fileRef = 64689BDF0D18A97D00A7A3C2 /* zmodemcrc.cpp */; };
		64689BE90D18A97D00A7A3C2 /* zmodemr.cpp in Sources */ = {isa = PBXBuildFile; fileRef = 64689BE00D18A97D00A7A3C2 /* zmodemr.cpp */; };
		64689BEA0D18A97D00A7A3C2 /* zmodemt.cpp in Sources */ = {isa = PBXBuildFile; fileRef = 64689BE10D18A97D00A7A3C2 /* zmodemt.cpp */; };
		64689BEB0D18A97D00A7A3C2 /* zmutil.cpp in Sources */ = {isa = PBXBuildFile; fileRef = 64689BE20D18A97D00A7A3C2 /* zmutil.cpp */; };
		64689BEC0D18A97D00A7A3C2 /* zmwwiv.cpp in Sources */ = {isa = PBXBuildFile; fileRef = 64689BE30D18A97D00A7A3C2 /* zmwwiv.cpp */; };
		64E663E90D1A01F1003978F9 /* macversioninfo.m in Sources */ = {isa = PBXBuildFile; fileRef = 64E663E80D1A01F1003978F9 /* macversioninfo.m */; };
		64E664010D1A03B8003978F9 /* CoreFoundation.framework in Frameworks */ = {isa = PBXBuildFile; fileRef = 64E664000D1A03B8003978F9 /* CoreFoundation.framework */; };
		64E664050D1A03C4003978F9 /* Foundation.framework in Frameworks */ = {isa = PBXBuildFile; fileRef = 64E664040D1A03C4003978F9 /* Foundation.framework */; };
/* End PBXBuildFile section */

/* Begin PBXContainerItemProxy section */
		64121E7C0D18B3F200A657D3 /* PBXContainerItemProxy */ = {
			isa = PBXContainerItemProxy;
			containerPortal = 08FB7793FE84155DC02AAC07 /* Project object */;
			proxyType = 1;
			remoteGlobalIDString = 64121DA40D18AE6E00A657D3;
			remoteInfo = TextUI;
		};
/* End PBXContainerItemProxy section */

/* Begin PBXFileReference section */
		64121D7F0D18ADBF00A657D3 /* init */ = {isa = PBXFileReference; explicitFileType = "compiled.mach-o.executable"; includeInIndex = 0; path = init; sourceTree = BUILT_PRODUCTS_DIR; };
		64121D930D18AE5100A657D3 /* bbsfuncs.cpp */ = {isa = PBXFileReference; fileEncoding = 4; lastKnownFileType = sourcecode.cpp.cpp; name = bbsfuncs.cpp; path = init/bbsfuncs.cpp; sourceTree = "<group>"; };
		64121D940D18AE5100A657D3 /* main.cpp */ = {isa = PBXFileReference; fileEncoding = 4; lastKnownFileType = sourcecode.cpp.cpp; name = main.cpp; path = init/main.cpp; sourceTree = "<group>"; };
		64121D950D18AE5100A657D3 /* sys_general.cpp */ = {isa = PBXFileReference; fileEncoding = 4; lastKnownFileType = sourcecode.cpp.cpp; name = sys_general.cpp; path = init/sys_general.cpp; sourceTree = "<group>"; };
		64121D960D18AE5100A657D3 /* sys_general.h */ = {isa = PBXFileReference; fileEncoding = 4; lastKnownFileType = sourcecode.c.h; name = sys_general.h; path = init/sys_general.h; sourceTree = "<group>"; };
		64121D970D18AE5100A657D3 /* sys_paths.cpp */ = {isa = PBXFileReference; fileEncoding = 4; lastKnownFileType = sourcecode.cpp.cpp; name = sys_paths.cpp; path = init/sys_paths.cpp; sourceTree = "<group>"; };
		64121D980D18AE5100A657D3 /* sys_paths.h */ = {isa = PBXFileReference; fileEncoding = 4; lastKnownFileType = sourcecode.c.h; name = sys_paths.h; path = init/sys_paths.h; sourceTree = "<group>"; };
		64121DA50D18AE6E00A657D3 /* libTextUI.a */ = {isa = PBXFileReference; explicitFileType = archive.ar; includeInIndex = 0; path = libTextUI.a; sourceTree = BUILT_PRODUCTS_DIR; };
		64121DB00D18AEAA00A657D3 /* Colors.cpp */ = {isa = PBXFileReference; fileEncoding = 4; lastKnownFileType = sourcecode.cpp.cpp; name = Colors.cpp; path = ../textui/src/Colors.cpp; sourceTree = SOURCE_ROOT; };
		64121DB10D18AEAA00A657D3 /* Command.cpp */ = {isa = PBXFileReference; fileEncoding = 4; lastKnownFileType = sourcecode.cpp.cpp; name = Command.cpp; path = ../textui/src/Command.cpp; sourceTree = SOURCE_ROOT; };
		64121DB20D18AEAA00A657D3 /* Component.cpp */ = {isa = PBXFileReference; fileEncoding = 4; lastKnownFileType = sourcecode.cpp.cpp; name = Component.cpp; path = ../textui/src/Component.cpp; sourceTree = SOURCE_ROOT; };
		64121DB30D18AEAA00A657D3 /* Desktop.cpp */ = {isa = PBXFileReference; fileEncoding = 4; lastKnownFileType = sourcecode.cpp.cpp; name = Desktop.cpp; path = ../textui/src/Desktop.cpp; sourceTree = SOURCE_ROOT; };
		64121DB40D18AEAA00A657D3 /* InputBox.cpp */ = {isa = PBXFileReference; fileEncoding = 4; lastKnownFileType = sourcecode.cpp.cpp; name = InputBox.cpp; path = ../textui/src/InputBox.cpp; sourceTree = SOURCE_ROOT; };
		64121DB50D18AEAA00A657D3 /* Menu.cpp */ = {isa = PBXFileReference; fileEncoding = 4; lastKnownFileType = sourcecode.cpp.cpp; name = Menu.cpp; path = ../textui/src/Menu.cpp; sourceTree = SOURCE_ROOT; };
		64121DB60D18AEAA00A657D3 /* MenuBar.cpp */ = {isa = PBXFileReference; fileEncoding = 4; lastKnownFileType = sourcecode.cpp.cpp; name = MenuBar.cpp; path = ../textui/src/MenuBar.cpp; sourceTree = SOURCE_ROOT; };
		64121DB70D18AEAA00A657D3 /* MenuItem.cpp */ = {isa = PBXFileReference; fileEncoding = 4; lastKnownFileType = sourcecode.cpp.cpp; name = MenuItem.cpp; path = ../textui/src/MenuItem.cpp; sourceTree = SOURCE_ROOT; };
		64121DB80D18AEAA00A657D3 /* MessageBox.cpp */ = {isa = PBXFileReference; fileEncoding = 4; lastKnownFileType = sourcecode.cpp.cpp; name = MessageBox.cpp; path = ../textui/src/MessageBox.cpp; sourceTree = SOURCE_ROOT; };
		64121DB90D18AEAA00A657D3 /* PopupMenu.cpp */ = {isa = PBXFileReference; fileEncoding = 4; lastKnownFileType = sourcecode.cpp.cpp; name = PopupMenu.cpp; path = ../textui/src/PopupMenu.cpp; sourceTree = SOURCE_ROOT; };
		64121DBA0D18AEAA00A657D3 /* SubWindow.cpp */ = {isa = PBXFileReference; fileEncoding = 4; lastKnownFileType = sourcecode.cpp.cpp; name = SubWindow.cpp; path = ../textui/src/SubWindow.cpp; sourceTree = SOURCE_ROOT; };
		64121DBB0D18AEAA00A657D3 /* TUI.cpp */ = {isa = PBXFileReference; fileEncoding = 4; lastKnownFileType = sourcecode.cpp.cpp; name = TUI.cpp; path = ../textui/src/TUI.cpp; sourceTree = SOURCE_ROOT; };
		64121DBC0D18AEAA00A657D3 /* View.cpp */ = {isa = PBXFileReference; fileEncoding = 4; lastKnownFileType = sourcecode.cpp.cpp; name = View.cpp; path = ../textui/src/View.cpp; sourceTree = SOURCE_ROOT; };
		64121DBD0D18AEAA00A657D3 /* Window.cpp */ = {isa = PBXFileReference; fileEncoding = 4; lastKnownFileType = sourcecode.cpp.cpp; name = Window.cpp; path = ../textui/src/Window.cpp; sourceTree = SOURCE_ROOT; };
		64121DCD0D18AEB500A657D3 /* Colors.h */ = {isa = PBXFileReference; fileEncoding = 4; lastKnownFileType = sourcecode.c.h; path = Colors.h; sourceTree = "<group>"; };
		64121DCE0D18AEB500A657D3 /* Command.h */ = {isa = PBXFileReference; fileEncoding = 4; lastKnownFileType = sourcecode.c.h; path = Command.h; sourceTree = "<group>"; };
		64121DCF0D18AEB500A657D3 /* Component.h */ = {isa = PBXFileReference; fileEncoding = 4; lastKnownFileType = sourcecode.c.h; path = Component.h; sourceTree = "<group>"; };
		64121DD00D18AEB500A657D3 /* Desktop.h */ = {isa = PBXFileReference; fileEncoding = 4; lastKnownFileType = sourcecode.c.h; path = Desktop.h; sourceTree = "<group>"; };
		64121DD10D18AEB500A657D3 /* InputBox.h */ = {isa = PBXFileReference; fileEncoding = 4; lastKnownFileType = sourcecode.c.h; path = InputBox.h; sourceTree = "<group>"; };
		64121DD20D18AEB500A657D3 /* Menu.h */ = {isa = PBXFileReference; fileEncoding = 4; lastKnownFileType = sourcecode.c.h; path = Menu.h; sourceTree = "<group>"; };
		64121DD30D18AEB500A657D3 /* MenuBar.h */ = {isa = PBXFileReference; fileEncoding = 4; lastKnownFileType = sourcecode.c.h; path = MenuBar.h; sourceTree = "<group>"; };
		64121DD40D18AEB500A657D3 /* MenuItem.h */ = {isa = PBXFileReference; fileEncoding = 4; lastKnownFileType = sourcecode.c.h; path = MenuItem.h; sourceTree = "<group>"; };
		64121DD50D18AEB500A657D3 /* MessageBox.h */ = {isa = PBXFileReference; fileEncoding = 4; lastKnownFileType = sourcecode.c.h; path = MessageBox.h; sourceTree = "<group>"; };
		64121DD60D18AEB500A657D3 /* PopupMenu.h */ = {isa = PBXFileReference; fileEncoding = 4; lastKnownFileType = sourcecode.c.h; path = PopupMenu.h; sourceTree = "<group>"; };
		64121DD70D18AEB500A657D3 /* SubWindow.h */ = {isa = PBXFileReference; fileEncoding = 4; lastKnownFileType = sourcecode.c.h; path = SubWindow.h; sourceTree = "<group>"; };
		64121DD80D18AEB500A657D3 /* View.h */ = {isa = PBXFileReference; fileEncoding = 4; lastKnownFileType = sourcecode.c.h; path = View.h; sourceTree = "<group>"; };
		64121DD90D18AEB500A657D3 /* Window.h */ = {isa = PBXFileReference; fileEncoding = 4; lastKnownFileType = sourcecode.c.h; path = Window.h; sourceTree = "<group>"; };
		64121DDA0D18AEB500A657D3 /* TextUI.h */ = {isa = PBXFileReference; fileEncoding = 4; lastKnownFileType = sourcecode.c.h; name = TextUI.h; path = ../textui/include/TextUI.h; sourceTree = SOURCE_ROOT; };
		6434A8040D25769E009F421C /* menusupp.h */ = {isa = PBXFileReference; fileEncoding = 4; lastKnownFileType = sourcecode.c.h; path = menusupp.h; sourceTree = "<group>"; };
		6434A80F0D257A9A009F421C /* menuinterpretcommand.cpp */ = {isa = PBXFileReference; fileEncoding = 4; lastKnownFileType = sourcecode.cpp.cpp; path = menuinterpretcommand.cpp; sourceTree = "<group>"; };
		64689A6A0D189FA800A7A3C2 /* asv.cpp */ = {isa = PBXFileReference; fileEncoding = 4; lastKnownFileType = sourcecode.cpp.cpp; path = asv.cpp; sourceTree = "<group>"; };
		64689A6B0D189FA800A7A3C2 /* attach.cpp */ = {isa = PBXFileReference; fileEncoding = 4; lastKnownFileType = sourcecode.cpp.cpp; path = attach.cpp; sourceTree = "<group>"; };
		64689A6C0D189FA800A7A3C2 /* automsg.cpp */ = {isa = PBXFileReference; fileEncoding = 4; lastKnownFileType = sourcecode.cpp.cpp; path = automsg.cpp; sourceTree = "<group>"; };
		64689A6D0D189FA800A7A3C2 /* batch.cpp */ = {isa = PBXFileReference; fileEncoding = 4; lastKnownFileType = sourcecode.cpp.cpp; path = batch.cpp; sourceTree = "<group>"; };
		64689A6E0D189FA800A7A3C2 /* bbs.cpp */ = {isa = PBXFileReference; fileEncoding = 4; lastKnownFileType = sourcecode.cpp.cpp; path = bbs.cpp; sourceTree = "<group>"; };
		64689A6F0D189FA800A7A3C2 /* bbs.h */ = {isa = PBXFileReference; fileEncoding = 4; lastKnownFileType = sourcecode.c.h; path = bbs.h; sourceTree = "<group>"; };
		64689A700D189FA800A7A3C2 /* bbslist.cpp */ = {isa = PBXFileReference; fileEncoding = 4; lastKnownFileType = sourcecode.cpp.cpp; path = bbslist.cpp; sourceTree = "<group>"; };
		64689A710D189FA800A7A3C2 /* bbsovl1.cpp */ = {isa = PBXFileReference; fileEncoding = 4; lastKnownFileType = sourcecode.cpp.cpp; path = bbsovl1.cpp; sourceTree = "<group>"; };
		64689A720D189FA800A7A3C2 /* bbsovl2.cpp */ = {isa = PBXFileReference; fileEncoding = 4; lastKnownFileType = sourcecode.cpp.cpp; path = bbsovl2.cpp; sourceTree = "<group>"; };
		64689A730D189FA800A7A3C2 /* bbsovl3.cpp */ = {isa = PBXFileReference; fileEncoding = 4; lastKnownFileType = sourcecode.cpp.cpp; path = bbsovl3.cpp; sourceTree = "<group>"; };
		64689A740D189FA800A7A3C2 /* bbsutl.cpp */ = {isa = PBXFileReference; fileEncoding = 4; lastKnownFileType = sourcecode.cpp.cpp; path = bbsutl.cpp; sourceTree = "<group>"; };
		64689A750D189FA800A7A3C2 /* bbsutl1.cpp */ = {isa = PBXFileReference; fileEncoding = 4; lastKnownFileType = sourcecode.cpp.cpp; path = bbsutl1.cpp; sourceTree = "<group>"; };
		64689A760D189FA800A7A3C2 /* bbsutl2.cpp */ = {isa = PBXFileReference; fileEncoding = 4; lastKnownFileType = sourcecode.cpp.cpp; path = bbsutl2.cpp; sourceTree = "<group>"; };
		64689A770D189FA800A7A3C2 /* bgetch.cpp */ = {isa = PBXFileReference; fileEncoding = 4; lastKnownFileType = sourcecode.cpp.cpp; path = bgetch.cpp; sourceTree = "<group>"; };
		64689A780D189FA800A7A3C2 /* bputch.cpp */ = {isa = PBXFileReference; fileEncoding = 4; lastKnownFileType = sourcecode.cpp.cpp; path = bputch.cpp; sourceTree = "<group>"; };
		64689A870D189FB500A7A3C2 /* callback.cpp */ = {isa = PBXFileReference; fileEncoding = 4; lastKnownFileType = sourcecode.cpp.cpp; path = callback.cpp; sourceTree = "<group>"; };
		64689A880D189FB500A7A3C2 /* chains.cpp */ = {isa = PBXFileReference; fileEncoding = 4; lastKnownFileType = sourcecode.cpp.cpp; path = chains.cpp; sourceTree = "<group>"; };
		64689A890D189FB500A7A3C2 /* chat.cpp */ = {isa = PBXFileReference; fileEncoding = 4; lastKnownFileType = sourcecode.cpp.cpp; path = chat.cpp; sourceTree = "<group>"; };
		64689A8A0D189FB500A7A3C2 /* chnedit.cpp */ = {isa = PBXFileReference; fileEncoding = 4; lastKnownFileType = sourcecode.cpp.cpp; path = chnedit.cpp; sourceTree = "<group>"; };
		64689A8B0D189FB500A7A3C2 /* colors.cpp */ = {isa = PBXFileReference; fileEncoding = 4; lastKnownFileType = sourcecode.cpp.cpp; path = colors.cpp; sourceTree = "<group>"; };
		64689A8C0D189FB500A7A3C2 /* com.cpp */ = {isa = PBXFileReference; fileEncoding = 4; lastKnownFileType = sourcecode.cpp.cpp; path = com.cpp; sourceTree = "<group>"; };
		64689A8D0D189FB500A7A3C2 /* common.h */ = {isa = PBXFileReference; fileEncoding = 4; lastKnownFileType = sourcecode.c.h; path = common.h; sourceTree = "<group>"; };
		64689A8E0D189FB500A7A3C2 /* conf.cpp */ = {isa = PBXFileReference; fileEncoding = 4; lastKnownFileType = sourcecode.cpp.cpp; path = conf.cpp; sourceTree = "<group>"; };
		64689A8F0D189FB500A7A3C2 /* confutil.cpp */ = {isa = PBXFileReference; fileEncoding = 4; lastKnownFileType = sourcecode.cpp.cpp; path = confutil.cpp; sourceTree = "<group>"; };
		64689A900D189FB500A7A3C2 /* connect1.cpp */ = {isa = PBXFileReference; fileEncoding = 4; lastKnownFileType = sourcecode.cpp.cpp; path = connect1.cpp; sourceTree = "<group>"; };
		64689A910D189FB500A7A3C2 /* crc.cpp */ = {isa = PBXFileReference; fileEncoding = 4; lastKnownFileType = sourcecode.cpp.cpp; path = crc.cpp; sourceTree = "<group>"; };
		64689A920D189FB500A7A3C2 /* defaults.cpp */ = {isa = PBXFileReference; fileEncoding = 4; lastKnownFileType = sourcecode.cpp.cpp; path = defaults.cpp; sourceTree = "<group>"; };
		64689A930D189FB500A7A3C2 /* diredit.cpp */ = {isa = PBXFileReference; fileEncoding = 4; lastKnownFileType = sourcecode.cpp.cpp; path = diredit.cpp; sourceTree = "<group>"; };
		64689A940D189FB500A7A3C2 /* dirlist.cpp */ = {isa = PBXFileReference; fileEncoding = 4; lastKnownFileType = sourcecode.cpp.cpp; path = dirlist.cpp; sourceTree = "<group>"; };
		64689A950D189FB500A7A3C2 /* dropfile.cpp */ = {isa = PBXFileReference; fileEncoding = 4; lastKnownFileType = sourcecode.cpp.cpp; path = dropfile.cpp; sourceTree = "<group>"; };
		64689A960D189FB500A7A3C2 /* dupphone.cpp */ = {isa = PBXFileReference; fileEncoding = 4; lastKnownFileType = sourcecode.cpp.cpp; path = dupphone.cpp; sourceTree = "<group>"; };
		64689A970D189FB500A7A3C2 /* events.cpp */ = {isa = PBXFileReference; fileEncoding = 4; lastKnownFileType = sourcecode.cpp.cpp; path = events.cpp; sourceTree = "<group>"; };
		64689A980D189FB500A7A3C2 /* execexternal.cpp */ = {isa = PBXFileReference; fileEncoding = 4; lastKnownFileType = sourcecode.cpp.cpp; path = execexternal.cpp; sourceTree = "<group>"; };
		64689A990D189FB500A7A3C2 /* extract.cpp */ = {isa = PBXFileReference; fileEncoding = 4; lastKnownFileType = sourcecode.cpp.cpp; path = extract.cpp; sourceTree = "<group>"; };
		64689A9A0D189FB500A7A3C2 /* fcns.h */ = {isa = PBXFileReference; fileEncoding = 4; lastKnownFileType = sourcecode.c.h; path = fcns.h; sourceTree = "<group>"; };
		64689A9B0D189FB500A7A3C2 /* filenames.h */ = {isa = PBXFileReference; fileEncoding = 4; lastKnownFileType = sourcecode.c.h; path = filenames.h; sourceTree = "<group>"; };
		64689A9C0D189FB500A7A3C2 /* FindUser.cpp */ = {isa = PBXFileReference; fileEncoding = 4; lastKnownFileType = sourcecode.cpp.cpp; path = FindUser.cpp; sourceTree = "<group>"; };
		64689AB30D18A05F00A7A3C2 /* gfiles.cpp */ = {isa = PBXFileReference; fileEncoding = 4; lastKnownFileType = sourcecode.cpp.cpp; path = gfiles.cpp; sourceTree = "<group>"; };
		64689AB40D18A05F00A7A3C2 /* gfledit.cpp */ = {isa = PBXFileReference; fileEncoding = 4; lastKnownFileType = sourcecode.cpp.cpp; path = gfledit.cpp; sourceTree = "<group>"; };
		64689AB50D18A05F00A7A3C2 /* hop.cpp */ = {isa = PBXFileReference; fileEncoding = 4; lastKnownFileType = sourcecode.cpp.cpp; path = hop.cpp; sourceTree = "<group>"; };
		64689AB60D18A05F00A7A3C2 /* inetmsg.cpp */ = {isa = PBXFileReference; fileEncoding = 4; lastKnownFileType = sourcecode.cpp.cpp; path = inetmsg.cpp; sourceTree = "<group>"; };
		64689AB70D18A05F00A7A3C2 /* ini.cpp */ = {isa = PBXFileReference; fileEncoding = 4; lastKnownFileType = sourcecode.cpp.cpp; path = ini.cpp; sourceTree = "<group>"; };
		64689AB80D18A05F00A7A3C2 /* ini.h */ = {isa = PBXFileReference; fileEncoding = 4; lastKnownFileType = sourcecode.c.h; path = ini.h; sourceTree = "<group>"; };
		64689AB90D18A05F00A7A3C2 /* inmsg.cpp */ = {isa = PBXFileReference; fileEncoding = 4; lastKnownFileType = sourcecode.cpp.cpp; path = inmsg.cpp; sourceTree = "<group>"; };
		64689ABA0D18A05F00A7A3C2 /* input.cpp */ = {isa = PBXFileReference; fileEncoding = 4; lastKnownFileType = sourcecode.cpp.cpp; path = input.cpp; sourceTree = "<group>"; };
		64689ABB0D18A05F00A7A3C2 /* instmsg.cpp */ = {isa = PBXFileReference; fileEncoding = 4; lastKnownFileType = sourcecode.cpp.cpp; path = instmsg.cpp; sourceTree = "<group>"; };
		64689ABC0D18A05F00A7A3C2 /* instmsg.h */ = {isa = PBXFileReference; fileEncoding = 4; lastKnownFileType = sourcecode.c.h; path = instmsg.h; sourceTree = "<group>"; };
		64689ABD0D18A05F00A7A3C2 /* interpret.cpp */ = {isa = PBXFileReference; fileEncoding = 4; lastKnownFileType = sourcecode.cpp.cpp; path = interpret.cpp; sourceTree = "<group>"; };
		64689ABE0D18A05F00A7A3C2 /* lilo.cpp */ = {isa = PBXFileReference; fileEncoding = 4; lastKnownFileType = sourcecode.cpp.cpp; path = lilo.cpp; sourceTree = "<group>"; };
		64689ABF0D18A05F00A7A3C2 /* listplus.cpp */ = {isa = PBXFileReference; fileEncoding = 4; lastKnownFileType = sourcecode.cpp.cpp; path = listplus.cpp; sourceTree = "<group>"; };
		64689AC00D18A05F00A7A3C2 /* listplus.h */ = {isa = PBXFileReference; fileEncoding = 4; lastKnownFileType = sourcecode.c.h; path = listplus.h; sourceTree = "<group>"; };
		64689AC10D18A05F00A7A3C2 /* lpfunc.cpp */ = {isa = PBXFileReference; fileEncoding = 4; lastKnownFileType = sourcecode.cpp.cpp; path = lpfunc.cpp; sourceTree = "<group>"; };
		64689AC20D18A05F00A7A3C2 /* memory.cpp */ = {isa = PBXFileReference; fileEncoding = 4; lastKnownFileType = sourcecode.cpp.cpp; path = memory.cpp; sourceTree = "<group>"; };
		64689AC30D18A05F00A7A3C2 /* menu.cpp */ = {isa = PBXFileReference; fileEncoding = 4; lastKnownFileType = sourcecode.cpp.cpp; path = menu.cpp; sourceTree = "<group>"; };
		64689AC40D18A05F00A7A3C2 /* menu.h */ = {isa = PBXFileReference; fileEncoding = 4; lastKnownFileType = sourcecode.c.h; path = menu.h; sourceTree = "<group>"; };
		64689AC50D18A05F00A7A3C2 /* menuedit.cpp */ = {isa = PBXFileReference; fileEncoding = 4; lastKnownFileType = sourcecode.cpp.cpp; path = menuedit.cpp; sourceTree = "<group>"; };
		64689AC60D18A05F00A7A3C2 /* menuspec.cpp */ = {isa = PBXFileReference; fileEncoding = 4; lastKnownFileType = sourcecode.cpp.cpp; path = menuspec.cpp; sourceTree = "<group>"; };
		64689AC70D18A05F00A7A3C2 /* menusupp.cpp */ = {isa = PBXFileReference; fileEncoding = 4; lastKnownFileType = sourcecode.cpp.cpp; path = menusupp.cpp; sourceTree = "<group>"; };
		64689AC90D18A05F00A7A3C2 /* misccmd.cpp */ = {isa = PBXFileReference; fileEncoding = 4; lastKnownFileType = sourcecode.cpp.cpp; path = misccmd.cpp; sourceTree = "<group>"; };
		64689ACA0D18A05F00A7A3C2 /* modem.cpp */ = {isa = PBXFileReference; fileEncoding = 4; lastKnownFileType = sourcecode.cpp.cpp; path = modem.cpp; sourceTree = "<group>"; };
		64689ACB0D18A05F00A7A3C2 /* msgbase.cpp */ = {isa = PBXFileReference; fileEncoding = 4; lastKnownFileType = sourcecode.cpp.cpp; path = msgbase.cpp; sourceTree = "<group>"; };
		64689ACC0D18A05F00A7A3C2 /* msgbase1.cpp */ = {isa = PBXFileReference; fileEncoding = 4; lastKnownFileType = sourcecode.cpp.cpp; path = msgbase1.cpp; sourceTree = "<group>"; };
		64689ACD0D18A05F00A7A3C2 /* msgscan.cpp */ = {isa = PBXFileReference; fileEncoding = 4; lastKnownFileType = sourcecode.cpp.cpp; path = msgscan.cpp; sourceTree = "<group>"; };
		64689ACE0D18A05F00A7A3C2 /* multinst.cpp */ = {isa = PBXFileReference; fileEncoding = 4; lastKnownFileType = sourcecode.cpp.cpp; path = multinst.cpp; sourceTree = "<group>"; };
		64689ACF0D18A05F00A7A3C2 /* multmail.cpp */ = {isa = PBXFileReference; fileEncoding = 4; lastKnownFileType = sourcecode.cpp.cpp; path = multmail.cpp; sourceTree = "<group>"; };
		64689AD00D18A05F00A7A3C2 /* net.h */ = {isa = PBXFileReference; fileEncoding = 4; lastKnownFileType = sourcecode.c.h; path = net.h; sourceTree = "<group>"; };
		64689AD10D18A05F00A7A3C2 /* netsup.cpp */ = {isa = PBXFileReference; fileEncoding = 4; lastKnownFileType = sourcecode.cpp.cpp; path = netsup.cpp; sourceTree = "<group>"; };
		64689AD20D18A05F00A7A3C2 /* newuser.cpp */ = {isa = PBXFileReference; fileEncoding = 4; lastKnownFileType = sourcecode.cpp.cpp; path = newuser.cpp; sourceTree = "<group>"; };
		64689AD30D18A05F00A7A3C2 /* normupld.cpp */ = {isa = PBXFileReference; fileEncoding = 4; lastKnownFileType = sourcecode.cpp.cpp; path = normupld.cpp; sourceTree = "<group>"; };
		64689AD40D18A05F00A7A3C2 /* pause.cpp */ = {isa = PBXFileReference; fileEncoding = 4; lastKnownFileType = sourcecode.cpp.cpp; path = pause.cpp; sourceTree = "<group>"; };
		64689AD50D18A05F00A7A3C2 /* printfile.cpp */ = {isa = PBXFileReference; fileEncoding = 4; lastKnownFileType = sourcecode.cpp.cpp; path = printfile.cpp; sourceTree = "<group>"; };
		64689AD60D18A05F00A7A3C2 /* quote.cpp */ = {isa = PBXFileReference; fileEncoding = 4; lastKnownFileType = sourcecode.cpp.cpp; path = quote.cpp; sourceTree = "<group>"; };
		64689AD70D18A05F00A7A3C2 /* readmail.cpp */ = {isa = PBXFileReference; fileEncoding = 4; lastKnownFileType = sourcecode.cpp.cpp; path = readmail.cpp; sourceTree = "<group>"; };
		64689AD80D18A05F00A7A3C2 /* Runnable.h */ = {isa = PBXFileReference; fileEncoding = 4; lastKnownFileType = sourcecode.c.h; path = Runnable.h; sourceTree = "<group>"; };
		64689AD90D18A05F00A7A3C2 /* shortmsg.cpp */ = {isa = PBXFileReference; fileEncoding = 4; lastKnownFileType = sourcecode.cpp.cpp; path = shortmsg.cpp; sourceTree = "<group>"; };
		64689ADA0D18A05F00A7A3C2 /* showfiles.cpp */ = {isa = PBXFileReference; fileEncoding = 4; lastKnownFileType = sourcecode.cpp.cpp; path = showfiles.cpp; sourceTree = "<group>"; };
		64689ADB0D18A05F00A7A3C2 /* SmallRecord.cpp */ = {isa = PBXFileReference; fileEncoding = 4; lastKnownFileType = sourcecode.cpp.cpp; path = SmallRecord.cpp; sourceTree = "<group>"; };
		64689ADC0D18A05F00A7A3C2 /* sr.cpp */ = {isa = PBXFileReference; fileEncoding = 4; lastKnownFileType = sourcecode.cpp.cpp; path = sr.cpp; sourceTree = "<group>"; };
		64689ADD0D18A05F00A7A3C2 /* srrcv.cpp */ = {isa = PBXFileReference; fileEncoding = 4; lastKnownFileType = sourcecode.cpp.cpp; path = srrcv.cpp; sourceTree = "<group>"; };
		64689ADE0D18A05F00A7A3C2 /* srsend.cpp */ = {isa = PBXFileReference; fileEncoding = 4; lastKnownFileType = sourcecode.cpp.cpp; path = srsend.cpp; sourceTree = "<group>"; };
		64689ADF0D18A05F00A7A3C2 /* status.cpp */ = {isa = PBXFileReference; fileEncoding = 4; lastKnownFileType = sourcecode.cpp.cpp; path = status.cpp; sourceTree = "<group>"; };
		64689AE00D18A05F00A7A3C2 /* strings.cpp */ = {isa = PBXFileReference; fileEncoding = 4; lastKnownFileType = sourcecode.cpp.cpp; path = strings.cpp; sourceTree = "<group>"; };
		64689AE10D18A05F00A7A3C2 /* stuffin.cpp */ = {isa = PBXFileReference; fileEncoding = 4; lastKnownFileType = sourcecode.cpp.cpp; path = stuffin.cpp; sourceTree = "<group>"; };
		64689AE20D18A05F00A7A3C2 /* subacc.cpp */ = {isa = PBXFileReference; fileEncoding = 4; lastKnownFileType = sourcecode.cpp.cpp; path = subacc.cpp; sourceTree = "<group>"; };
		64689AE30D18A05F00A7A3C2 /* subedit.cpp */ = {isa = PBXFileReference; fileEncoding = 4; lastKnownFileType = sourcecode.cpp.cpp; path = subedit.cpp; sourceTree = "<group>"; };
		64689AE40D18A05F00A7A3C2 /* sublist.cpp */ = {isa = PBXFileReference; fileEncoding = 4; lastKnownFileType = sourcecode.cpp.cpp; path = sublist.cpp; sourceTree = "<group>"; };
		64689AE50D18A05F00A7A3C2 /* subreq.cpp */ = {isa = PBXFileReference; fileEncoding = 4; lastKnownFileType = sourcecode.cpp.cpp; path = subreq.cpp; sourceTree = "<group>"; };
		64689AE60D18A05F00A7A3C2 /* subxtr.cpp */ = {isa = PBXFileReference; fileEncoding = 4; lastKnownFileType = sourcecode.cpp.cpp; path = subxtr.cpp; sourceTree = "<group>"; };
		64689AE70D18A05F00A7A3C2 /* subxtr.h */ = {isa = PBXFileReference; fileEncoding = 4; lastKnownFileType = sourcecode.c.h; path = subxtr.h; sourceTree = "<group>"; };
		64689AE80D18A05F00A7A3C2 /* syschat.cpp */ = {isa = PBXFileReference; fileEncoding = 4; lastKnownFileType = sourcecode.cpp.cpp; path = syschat.cpp; sourceTree = "<group>"; };
		64689AE90D18A05F00A7A3C2 /* sysopf.cpp */ = {isa = PBXFileReference; fileEncoding = 4; lastKnownFileType = sourcecode.cpp.cpp; path = sysopf.cpp; sourceTree = "<group>"; };
		64689AEA0D18A05F00A7A3C2 /* sysoplog.cpp */ = {isa = PBXFileReference; fileEncoding = 4; lastKnownFileType = sourcecode.cpp.cpp; path = sysoplog.cpp; sourceTree = "<group>"; };
		64689AEB0D18A05F00A7A3C2 /* trytoul.cpp */ = {isa = PBXFileReference; fileEncoding = 4; lastKnownFileType = sourcecode.cpp.cpp; path = trytoul.cpp; sourceTree = "<group>"; };
		64689AEC0D18A05F00A7A3C2 /* uedit.cpp */ = {isa = PBXFileReference; fileEncoding = 4; lastKnownFileType = sourcecode.cpp.cpp; path = uedit.cpp; sourceTree = "<group>"; };
		64689AED0D18A05F00A7A3C2 /* user.cpp */ = {isa = PBXFileReference; fileEncoding = 4; lastKnownFileType = sourcecode.cpp.cpp; path = user.cpp; sourceTree = "<group>"; };
		64689AEE0D18A05F00A7A3C2 /* utility.cpp */ = {isa = PBXFileReference; fileEncoding = 4; lastKnownFileType = sourcecode.cpp.cpp; path = utility.cpp; sourceTree = "<group>"; };
		64689AEF0D18A05F00A7A3C2 /* valscan.cpp */ = {isa = PBXFileReference; fileEncoding = 4; lastKnownFileType = sourcecode.cpp.cpp; path = valscan.cpp; sourceTree = "<group>"; };
		64689AF00D18A05F00A7A3C2 /* vardec.h */ = {isa = PBXFileReference; fileEncoding = 4; lastKnownFileType = sourcecode.c.h; path = vardec.h; sourceTree = "<group>"; };
		64689AF10D18A05F00A7A3C2 /* vars.h */ = {isa = PBXFileReference; fileEncoding = 4; lastKnownFileType = sourcecode.c.h; path = vars.h; sourceTree = "<group>"; };
		64689AF20D18A05F00A7A3C2 /* version.cpp */ = {isa = PBXFileReference; fileEncoding = 4; lastKnownFileType = sourcecode.cpp.cpp; path = version.cpp; sourceTree = "<group>"; };
		64689AF30D18A05F00A7A3C2 /* vote.cpp */ = {isa = PBXFileReference; fileEncoding = 4; lastKnownFileType = sourcecode.cpp.cpp; path = vote.cpp; sourceTree = "<group>"; };
		64689AF40D18A05F00A7A3C2 /* voteedit.cpp */ = {isa = PBXFileReference; fileEncoding = 4; lastKnownFileType = sourcecode.cpp.cpp; path = voteedit.cpp; sourceTree = "<group>"; };
		64689AF50D18A05F00A7A3C2 /* WComm.cpp */ = {isa = PBXFileReference; fileEncoding = 4; lastKnownFileType = sourcecode.cpp.cpp; path = WComm.cpp; sourceTree = "<group>"; };
		64689AF60D18A05F00A7A3C2 /* WComm.h */ = {isa = PBXFileReference; fileEncoding = 4; lastKnownFileType = sourcecode.c.h; path = WComm.h; sourceTree = "<group>"; };
		64689AF70D18A05F00A7A3C2 /* WConstants.h */ = {isa = PBXFileReference; fileEncoding = 4; lastKnownFileType = sourcecode.c.h; path = WConstants.h; sourceTree = "<group>"; };
		64689AF80D18A05F00A7A3C2 /* wfc.cpp */ = {isa = PBXFileReference; fileEncoding = 4; lastKnownFileType = sourcecode.cpp.cpp; path = wfc.cpp; sourceTree = "<group>"; };
		64689AF90D18A05F00A7A3C2 /* WOutStream.cpp */ = {isa = PBXFileReference; fileEncoding = 4; lastKnownFileType = sourcecode.cpp.cpp; path = WOutStream.cpp; sourceTree = "<group>"; };
		64689AFA0D18A05F00A7A3C2 /* WOutStreamBuffer.cpp */ = {isa = PBXFileReference; fileEncoding = 4; lastKnownFileType = sourcecode.cpp.cpp; path = WOutStreamBuffer.cpp; sourceTree = "<group>"; };
		64689AFB0D18A05F00A7A3C2 /* WOutStreamBuffer.h */ = {isa = PBXFileReference; fileEncoding = 4; lastKnownFileType = sourcecode.c.h; path = WOutStreamBuffer.h; sourceTree = "<group>"; };
		64689AFC0D18A05F00A7A3C2 /* wqscn.cpp */ = {isa = PBXFileReference; fileEncoding = 4; lastKnownFileType = sourcecode.cpp.cpp; path = wqscn.cpp; sourceTree = "<group>"; };
		64689AFD0D18A05F00A7A3C2 /* WSession.cpp */ = {isa = PBXFileReference; fileEncoding = 4; lastKnownFileType = sourcecode.cpp.cpp; path = WSession.cpp; sourceTree = "<group>"; };
		64689AFE0D18A05F00A7A3C2 /* WSession.h */ = {isa = PBXFileReference; fileEncoding = 4; lastKnownFileType = sourcecode.c.h; path = WSession.h; sourceTree = "<group>"; };
		64689AFF0D18A05F00A7A3C2 /* WStatus.h */ = {isa = PBXFileReference; fileEncoding = 4; lastKnownFileType = sourcecode.c.h; path = WStatus.h; sourceTree = "<group>"; };
		64689B000D18A05F00A7A3C2 /* WStringUtils.cpp */ = {isa = PBXFileReference; fileEncoding = 4; lastKnownFileType = sourcecode.cpp.cpp; path = WStringUtils.cpp; sourceTree = "<group>"; };
		64689B010D18A05F00A7A3C2 /* WStringUtils.h */ = {isa = PBXFileReference; fileEncoding = 4; lastKnownFileType = sourcecode.c.h; path = WStringUtils.h; sourceTree = "<group>"; };
		64689B020D18A05F00A7A3C2 /* WTextFile.cpp */ = {isa = PBXFileReference; fileEncoding = 4; lastKnownFileType = sourcecode.cpp.cpp; path = WTextFile.cpp; sourceTree = "<group>"; };
		64689B030D18A05F00A7A3C2 /* WTextFile.h */ = {isa = PBXFileReference; fileEncoding = 4; lastKnownFileType = sourcecode.c.h; path = WTextFile.h; sourceTree = "<group>"; };
		64689B040D18A05F00A7A3C2 /* wtypes.h */ = {isa = PBXFileReference; fileEncoding = 4; lastKnownFileType = sourcecode.c.h; path = wtypes.h; sourceTree = "<group>"; };
		64689B050D18A05F00A7A3C2 /* WUser.cpp */ = {isa = PBXFileReference; fileEncoding = 4; lastKnownFileType = sourcecode.cpp.cpp; path = WUser.cpp; sourceTree = "<group>"; };
		64689B060D18A05F00A7A3C2 /* WUser.h */ = {isa = PBXFileReference; fileEncoding = 4; lastKnownFileType = sourcecode.c.h; path = WUser.h; sourceTree = "<group>"; };
		64689B070D18A05F00A7A3C2 /* wwiv.h */ = {isa = PBXFileReference; fileEncoding = 4; lastKnownFileType = sourcecode.c.h; path = wwiv.h; sourceTree = "<group>"; };
		64689B080D18A05F00A7A3C2 /* wwivassert.h */ = {isa = PBXFileReference; fileEncoding = 4; lastKnownFileType = sourcecode.c.h; path = wwivassert.h; sourceTree = "<group>"; };
		64689B090D18A05F00A7A3C2 /* xfer.cpp */ = {isa = PBXFileReference; fileEncoding = 4; lastKnownFileType = sourcecode.cpp.cpp; path = xfer.cpp; sourceTree = "<group>"; };
		64689B0A0D18A05F00A7A3C2 /* xferovl.cpp */ = {isa = PBXFileReference; fileEncoding = 4; lastKnownFileType = sourcecode.cpp.cpp; path = xferovl.cpp; sourceTree = "<group>"; };
		64689B0B0D18A05F00A7A3C2 /* xferovl1.cpp */ = {isa = PBXFileReference; fileEncoding = 4; lastKnownFileType = sourcecode.cpp.cpp; path = xferovl1.cpp; sourceTree = "<group>"; };
		64689B0C0D18A05F00A7A3C2 /* xfertmp.cpp */ = {isa = PBXFileReference; fileEncoding = 4; lastKnownFileType = sourcecode.cpp.cpp; path = xfertmp.cpp; sourceTree = "<group>"; };
		64689B0D0D18A05F00A7A3C2 /* xinit.cpp */ = {isa = PBXFileReference; fileEncoding = 4; lastKnownFileType = sourcecode.cpp.cpp; path = xinit.cpp; sourceTree = "<group>"; };
		64689B0E0D18A05F00A7A3C2 /* xinitini.h */ = {isa = PBXFileReference; fileEncoding = 4; lastKnownFileType = sourcecode.c.h; path = xinitini.h; sourceTree = "<group>"; };
		64689B580D18A0C200A7A3C2 /* incl1.h */ = {isa = PBXFileReference; fileEncoding = 4; lastKnownFileType = sourcecode.c.h; name = incl1.h; path = platform/incl1.h; sourceTree = "<group>"; };
		64689B590D18A0C200A7A3C2 /* incl2.h */ = {isa = PBXFileReference; fileEncoding = 4; lastKnownFileType = sourcecode.c.h; name = incl2.h; path = platform/incl2.h; sourceTree = "<group>"; };
		64689B5A0D18A0C200A7A3C2 /* platformfcns.h */ = {isa = PBXFileReference; fileEncoding = 4; lastKnownFileType = sourcecode.c.h; name = platformfcns.h; path = platform/platformfcns.h; sourceTree = "<group>"; };
		64689B5B0D18A0C200A7A3C2 /* testos.h */ = {isa = PBXFileReference; fileEncoding = 4; lastKnownFileType = sourcecode.c.h; name = testos.h; path = platform/testos.h; sourceTree = "<group>"; };
		64689B5C0D18A0C200A7A3C2 /* WFile.h */ = {isa = PBXFileReference; fileEncoding = 4; lastKnownFileType = sourcecode.c.h; name = WFile.h; path = platform/WFile.h; sourceTree = "<group>"; };
		64689B5D0D18A0C200A7A3C2 /* wfndfile.h */ = {isa = PBXFileReference; fileEncoding = 4; lastKnownFileType = sourcecode.c.h; name = wfndfile.h; path = platform/wfndfile.h; sourceTree = "<group>"; };
		64689B5E0D18A0C200A7A3C2 /* WLocalIO.h */ = {isa = PBXFileReference; fileEncoding = 4; lastKnownFileType = sourcecode.c.h; name = WLocalIO.h; path = platform/WLocalIO.h; sourceTree = "<group>"; };
		64689B5F0D18A0C200A7A3C2 /* wutil.h */ = {isa = PBXFileReference; fileEncoding = 4; lastKnownFileType = sourcecode.c.h; name = wutil.h; path = platform/wutil.h; sourceTree = "<group>"; };
		64689B600D18A0F000A7A3C2 /* DateTime.cpp */ = {isa = PBXFileReference; fileEncoding = 4; lastKnownFileType = sourcecode.cpp.cpp; name = DateTime.cpp; path = platform/DateTime.cpp; sourceTree = "<group>"; };
		64689B610D18A0F000A7A3C2 /* wutil.cpp */ = {isa = PBXFileReference; fileEncoding = 4; lastKnownFileType = sourcecode.cpp.cpp; name = wutil.cpp; path = platform/wutil.cpp; sourceTree = "<group>"; };
		64689B640D18A10600A7A3C2 /* exec.cpp */ = {isa = PBXFileReference; fileEncoding = 4; lastKnownFileType = sourcecode.cpp.cpp; name = exec.cpp; path = platform/unix/exec.cpp; sourceTree = "<group>"; };
		64689B650D18A10600A7A3C2 /* filestuff.cpp */ = {isa = PBXFileReference; fileEncoding = 4; lastKnownFileType = sourcecode.cpp.cpp; name = filestuff.cpp; path = platform/unix/filestuff.cpp; sourceTree = "<group>"; };
		64689B680D18A10600A7A3C2 /* reboot.cpp */ = {isa = PBXFileReference; fileEncoding = 4; lastKnownFileType = sourcecode.cpp.cpp; name = reboot.cpp; path = platform/unix/reboot.cpp; sourceTree = "<group>"; };
		64689B690D18A10600A7A3C2 /* stringstuff.cpp */ = {isa = PBXFileReference; fileEncoding = 4; lastKnownFileType = sourcecode.cpp.cpp; name = stringstuff.cpp; path = platform/unix/stringstuff.cpp; sourceTree = "<group>"; };
		64689B6A0D18A10600A7A3C2 /* utility2.cpp */ = {isa = PBXFileReference; fileEncoding = 4; lastKnownFileType = sourcecode.cpp.cpp; name = utility2.cpp; path = platform/unix/utility2.cpp; sourceTree = "<group>"; };
		64689B6B0D18A10600A7A3C2 /* WFile.cpp */ = {isa = PBXFileReference; fileEncoding = 4; lastKnownFileType = sourcecode.cpp.cpp; name = WFile.cpp; path = platform/unix/WFile.cpp; sourceTree = "<group>"; };
		64689B6C0D18A10600A7A3C2 /* wfndfile.cpp */ = {isa = PBXFileReference; fileEncoding = 4; lastKnownFileType = sourcecode.cpp.cpp; name = wfndfile.cpp; path = platform/unix/wfndfile.cpp; sourceTree = "<group>"; };
		64689B6D0D18A10600A7A3C2 /* Wiou.cpp */ = {isa = PBXFileReference; fileEncoding = 4; lastKnownFileType = sourcecode.cpp.cpp; name = Wiou.cpp; path = platform/unix/Wiou.cpp; sourceTree = "<group>"; };
		64689B6E0D18A10600A7A3C2 /* Wiou.h */ = {isa = PBXFileReference; fileEncoding = 4; lastKnownFileType = sourcecode.c.h; name = Wiou.h; path = platform/unix/Wiou.h; sourceTree = "<group>"; };
		64689B6F0D18A10600A7A3C2 /* WLocalIO.cpp */ = {isa = PBXFileReference; fileEncoding = 4; lastKnownFileType = sourcecode.cpp.cpp; name = WLocalIO.cpp; path = platform/unix/WLocalIO.cpp; sourceTree = "<group>"; };
		64689B700D18A10600A7A3C2 /* wshare.cpp */ = {isa = PBXFileReference; fileEncoding = 4; lastKnownFileType = sourcecode.cpp.cpp; name = wshare.cpp; path = platform/unix/wshare.cpp; sourceTree = "<group>"; };
		64689BD30D18A92E00A7A3C2 /* unittests.cpp */ = {isa = PBXFileReference; fileEncoding = 4; lastKnownFileType = sourcecode.cpp.cpp; path = unittests.cpp; sourceTree = "<group>"; };
		64689BD40D18A92E00A7A3C2 /* unittests.h */ = {isa = PBXFileReference; fileEncoding = 4; lastKnownFileType = sourcecode.c.h; path = unittests.h; sourceTree = "<group>"; };
		64689BD80D18A97D00A7A3C2 /* crctab.cpp */ = {isa = PBXFileReference; fileEncoding = 4; lastKnownFileType = sourcecode.cpp.cpp; name = crctab.cpp; path = prot/crctab.cpp; sourceTree = "<group>"; };
		64689BD90D18A97D00A7A3C2 /* crctab.h */ = {isa = PBXFileReference; fileEncoding = 4; lastKnownFileType = sourcecode.c.h; name = crctab.h; path = prot/crctab.h; sourceTree = "<group>"; };
		64689BDA0D18A97D00A7A3C2 /* xmodem.h */ = {isa = PBXFileReference; fileEncoding = 4; lastKnownFileType = sourcecode.c.h; name = xmodem.h; path = prot/xmodem.h; sourceTree = "<group>"; };
		64689BDD0D18A97D00A7A3C2 /* zmodem.cpp */ = {isa = PBXFileReference; fileEncoding = 4; lastKnownFileType = sourcecode.cpp.cpp; name = zmodem.cpp; path = prot/zmodem.cpp; sourceTree = "<group>"; };
		64689BDE0D18A97D00A7A3C2 /* zmodem.h */ = {isa = PBXFileReference; fileEncoding = 4; lastKnownFileType = sourcecode.c.h; name = zmodem.h; path = prot/zmodem.h; sourceTree = "<group>"; };
		64689BDF0D18A97D00A7A3C2 /* zmodemcrc.cpp */ = {isa = PBXFileReference; fileEncoding = 4; lastKnownFileType = sourcecode.cpp.cpp; name = zmodemcrc.cpp; path = prot/zmodemcrc.cpp; sourceTree = "<group>"; };
		64689BE00D18A97D00A7A3C2 /* zmodemr.cpp */ = {isa = PBXFileReference; fileEncoding = 4; lastKnownFileType = sourcecode.cpp.cpp; name = zmodemr.cpp; path = prot/zmodemr.cpp; sourceTree = "<group>"; };
		64689BE10D18A97D00A7A3C2 /* zmodemt.cpp */ = {isa = PBXFileReference; fileEncoding = 4; lastKnownFileType = sourcecode.cpp.cpp; name = zmodemt.cpp; path = prot/zmodemt.cpp; sourceTree = "<group>"; };
		64689BE20D18A97D00A7A3C2 /* zmutil.cpp */ = {isa = PBXFileReference; fileEncoding = 4; lastKnownFileType = sourcecode.cpp.cpp; name = zmutil.cpp; path = prot/zmutil.cpp; sourceTree = "<group>"; };
		64689BE30D18A97D00A7A3C2 /* zmwwiv.cpp */ = {isa = PBXFileReference; fileEncoding = 4; lastKnownFileType = sourcecode.cpp.cpp; name = zmwwiv.cpp; path = prot/zmwwiv.cpp; sourceTree = "<group>"; };
		64E663E70D1A01F1003978F9 /* macversioninfo.h */ = {isa = PBXFileReference; fileEncoding = 4; lastKnownFileType = sourcecode.c.h; path = macversioninfo.h; sourceTree = "<group>"; };
		64E663E80D1A01F1003978F9 /* macversioninfo.m */ = {isa = PBXFileReference; fileEncoding = 4; lastKnownFileType = sourcecode.c.objc; path = macversioninfo.m; sourceTree = "<group>"; };
		64E664000D1A03B8003978F9 /* CoreFoundation.framework */ = {isa = PBXFileReference; lastKnownFileType = wrapper.framework; name = CoreFoundation.framework; path = /System/Library/Frameworks/CoreFoundation.framework; sourceTree = "<absolute>"; };
		64E664040D1A03C4003978F9 /* Foundation.framework */ = {isa = PBXFileReference; lastKnownFileType = wrapper.framework; name = Foundation.framework; path = /System/Library/Frameworks/Foundation.framework; sourceTree = "<absolute>"; };
		8DD76F6C0486A84900D96B5E /* wwiv50 */ = {isa = PBXFileReference; explicitFileType = "compiled.mach-o.executable"; includeInIndex = 0; path = wwiv50; sourceTree = BUILT_PRODUCTS_DIR; };
/* End PBXFileReference section */

/* Begin PBXFrameworksBuildPhase section */
		64121D7D0D18ADBF00A657D3 /* Frameworks */ = {
			isa = PBXFrameworksBuildPhase;
			buildActionMask = 2147483647;
			files = (
			);
			runOnlyForDeploymentPostprocessing = 0;
		};
		64121DA30D18AE6E00A657D3 /* Frameworks */ = {
			isa = PBXFrameworksBuildPhase;
			buildActionMask = 2147483647;
			files = (
			);
			runOnlyForDeploymentPostprocessing = 0;
		};
		8DD76F660486A84900D96B5E /* Frameworks */ = {
			isa = PBXFrameworksBuildPhase;
			buildActionMask = 2147483647;
			files = (
				64E664010D1A03B8003978F9 /* CoreFoundation.framework in Frameworks */,
				64E664050D1A03C4003978F9 /* Foundation.framework in Frameworks */,
			);
			runOnlyForDeploymentPostprocessing = 0;
		};
/* End PBXFrameworksBuildPhase section */

/* Begin PBXGroup section */
		08FB7794FE84155DC02AAC07 /* wwiv50 */ = {
			isa = PBXGroup;
			children = (
				08FB7795FE84155DC02AAC07 /* Source */,
				C6859E8C029090F304C91782 /* Documentation */,
				1AB674ADFE9D54B511CA2CBB /* Products */,
			);
			name = wwiv50;
			sourceTree = "<group>";
		};
		08FB7795FE84155DC02AAC07 /* Source */ = {
			isa = PBXGroup;
			children = (
				64121DA00D18AE6300A657D3 /* TextUI */,
				64121D850D18ADD800A657D3 /* Init */,
				64121D830D18ADCA00A657D3 /* BBS */,
			);
			name = Source;
			sourceTree = "<group>";
		};
		1AB674ADFE9D54B511CA2CBB /* Products */ = {
			isa = PBXGroup;
			children = (
				8DD76F6C0486A84900D96B5E /* wwiv50 */,
				64121D7F0D18ADBF00A657D3 /* init */,
				64121DA50D18AE6E00A657D3 /* libTextUI.a */,
			);
			name = Products;
			sourceTree = "<group>";
		};
		64121D830D18ADCA00A657D3 /* BBS */ = {
			isa = PBXGroup;
			children = (
				64689BD60D18A95200A7A3C2 /* Protocol Headers */,
				64689BD70D18A95900A7A3C2 /* Protocol Sources */,
				64689B570D18A0AA00A7A3C2 /* Platform Sources */,
				64689B560D18A0A400A7A3C2 /* Platform Headers */,
				64689AB10D189FF500A7A3C2 /* Generic Headers */,
				64689AB00D189FBD00A7A3C2 /* Generic Sources */,
			);
			name = BBS;
			sourceTree = "<group>";
		};
		64121D850D18ADD800A657D3 /* Init */ = {
			isa = PBXGroup;
			children = (
				64121D930D18AE5100A657D3 /* bbsfuncs.cpp */,
				64121D940D18AE5100A657D3 /* main.cpp */,
				64121D950D18AE5100A657D3 /* sys_general.cpp */,
				64121D960D18AE5100A657D3 /* sys_general.h */,
				64121D970D18AE5100A657D3 /* sys_paths.cpp */,
				64121D980D18AE5100A657D3 /* sys_paths.h */,
			);
			name = Init;
			sourceTree = "<group>";
		};
		64121DA00D18AE6300A657D3 /* TextUI */ = {
			isa = PBXGroup;
			children = (
				64121DAA0D18AE7B00A657D3 /* Headers */,
				64121DA80D18AE7500A657D3 /* Sources */,
			);
			name = TextUI;
			sourceTree = "<group>";
		};
		64121DA80D18AE7500A657D3 /* Sources */ = {
			isa = PBXGroup;
			children = (
				64121DB00D18AEAA00A657D3 /* Colors.cpp */,
				64121DB10D18AEAA00A657D3 /* Command.cpp */,
				64121DB20D18AEAA00A657D3 /* Component.cpp */,
				64121DB30D18AEAA00A657D3 /* Desktop.cpp */,
				64121DB40D18AEAA00A657D3 /* InputBox.cpp */,
				64121DB50D18AEAA00A657D3 /* Menu.cpp */,
				64121DB60D18AEAA00A657D3 /* MenuBar.cpp */,
				64121DB70D18AEAA00A657D3 /* MenuItem.cpp */,
				64121DB80D18AEAA00A657D3 /* MessageBox.cpp */,
				64121DB90D18AEAA00A657D3 /* PopupMenu.cpp */,
				64121DBA0D18AEAA00A657D3 /* SubWindow.cpp */,
				64121DBB0D18AEAA00A657D3 /* TUI.cpp */,
				64121DBC0D18AEAA00A657D3 /* View.cpp */,
				64121DBD0D18AEAA00A657D3 /* Window.cpp */,
			);
			name = Sources;
			sourceTree = "<group>";
		};
		64121DAA0D18AE7B00A657D3 /* Headers */ = {
			isa = PBXGroup;
			children = (
				64121DCC0D18AEB500A657D3 /* textui */,
				64121DDA0D18AEB500A657D3 /* TextUI.h */,
			);
			name = Headers;
			sourceTree = "<group>";
		};
		64121DCC0D18AEB500A657D3 /* textui */ = {
			isa = PBXGroup;
			children = (
				64121DCD0D18AEB500A657D3 /* Colors.h */,
				64121DCE0D18AEB500A657D3 /* Command.h */,
				64121DCF0D18AEB500A657D3 /* Component.h */,
				64121DD00D18AEB500A657D3 /* Desktop.h */,
				64121DD10D18AEB500A657D3 /* InputBox.h */,
				64121DD20D18AEB500A657D3 /* Menu.h */,
				64121DD30D18AEB500A657D3 /* MenuBar.h */,
				64121DD40D18AEB500A657D3 /* MenuItem.h */,
				64121DD50D18AEB500A657D3 /* MessageBox.h */,
				64121DD60D18AEB500A657D3 /* PopupMenu.h */,
				64121DD70D18AEB500A657D3 /* SubWindow.h */,
				64121DD80D18AEB500A657D3 /* View.h */,
				64121DD90D18AEB500A657D3 /* Window.h */,
			);
			name = textui;
			path = ../textui/include/textui;
			sourceTree = SOURCE_ROOT;
		};
		64689AB00D189FBD00A7A3C2 /* Generic Sources */ = {
			isa = PBXGroup;
			children = (
				64689A6A0D189FA800A7A3C2 /* asv.cpp */,
				64689A6B0D189FA800A7A3C2 /* attach.cpp */,
				64689A6C0D189FA800A7A3C2 /* automsg.cpp */,
				64689A6D0D189FA800A7A3C2 /* batch.cpp */,
				64689A6E0D189FA800A7A3C2 /* bbs.cpp */,
				64689A700D189FA800A7A3C2 /* bbslist.cpp */,
				64689A710D189FA800A7A3C2 /* bbsovl1.cpp */,
				64689A720D189FA800A7A3C2 /* bbsovl2.cpp */,
				64689A730D189FA800A7A3C2 /* bbsovl3.cpp */,
				64689A740D189FA800A7A3C2 /* bbsutl.cpp */,
				64689A750D189FA800A7A3C2 /* bbsutl1.cpp */,
				64689A760D189FA800A7A3C2 /* bbsutl2.cpp */,
				64689A770D189FA800A7A3C2 /* bgetch.cpp */,
				64689A780D189FA800A7A3C2 /* bputch.cpp */,
				64689A870D189FB500A7A3C2 /* callback.cpp */,
				64689A880D189FB500A7A3C2 /* chains.cpp */,
				64689A890D189FB500A7A3C2 /* chat.cpp */,
				64689A8A0D189FB500A7A3C2 /* chnedit.cpp */,
				64689A8B0D189FB500A7A3C2 /* colors.cpp */,
				64689A8C0D189FB500A7A3C2 /* com.cpp */,
				64689A8E0D189FB500A7A3C2 /* conf.cpp */,
				64689A8F0D189FB500A7A3C2 /* confutil.cpp */,
				64689A900D189FB500A7A3C2 /* connect1.cpp */,
				64689A910D189FB500A7A3C2 /* crc.cpp */,
				64689A920D189FB500A7A3C2 /* defaults.cpp */,
				64689A930D189FB500A7A3C2 /* diredit.cpp */,
				64689A940D189FB500A7A3C2 /* dirlist.cpp */,
				64689A950D189FB500A7A3C2 /* dropfile.cpp */,
				64689A960D189FB500A7A3C2 /* dupphone.cpp */,
				64689A970D189FB500A7A3C2 /* events.cpp */,
				64689A980D189FB500A7A3C2 /* execexternal.cpp */,
				64689A990D189FB500A7A3C2 /* extract.cpp */,
				64689A9C0D189FB500A7A3C2 /* FindUser.cpp */,
				64689AB30D18A05F00A7A3C2 /* gfiles.cpp */,
				64689AB40D18A05F00A7A3C2 /* gfledit.cpp */,
				64689AB50D18A05F00A7A3C2 /* hop.cpp */,
				64689AB60D18A05F00A7A3C2 /* inetmsg.cpp */,
				64689AB70D18A05F00A7A3C2 /* ini.cpp */,
				64689AB90D18A05F00A7A3C2 /* inmsg.cpp */,
				64689ABA0D18A05F00A7A3C2 /* input.cpp */,
				64689ABB0D18A05F00A7A3C2 /* instmsg.cpp */,
				64689ABD0D18A05F00A7A3C2 /* interpret.cpp */,
				64689ABE0D18A05F00A7A3C2 /* lilo.cpp */,
				64689ABF0D18A05F00A7A3C2 /* listplus.cpp */,
				64689AC10D18A05F00A7A3C2 /* lpfunc.cpp */,
				64689AC20D18A05F00A7A3C2 /* memory.cpp */,
				64689AC30D18A05F00A7A3C2 /* menu.cpp */,
				64689AC50D18A05F00A7A3C2 /* menuedit.cpp */,
				6434A80F0D257A9A009F421C /* menuinterpretcommand.cpp */,
				64689AC60D18A05F00A7A3C2 /* menuspec.cpp */,
				64689AC70D18A05F00A7A3C2 /* menusupp.cpp */,
				64689AC90D18A05F00A7A3C2 /* misccmd.cpp */,
				64689ACA0D18A05F00A7A3C2 /* modem.cpp */,
				64689ACB0D18A05F00A7A3C2 /* msgbase.cpp */,
				64689ACC0D18A05F00A7A3C2 /* msgbase1.cpp */,
				64689ACD0D18A05F00A7A3C2 /* msgscan.cpp */,
				64689ACE0D18A05F00A7A3C2 /* multinst.cpp */,
				64689ACF0D18A05F00A7A3C2 /* multmail.cpp */,
				64689AD10D18A05F00A7A3C2 /* netsup.cpp */,
				64689AD20D18A05F00A7A3C2 /* newuser.cpp */,
				64689AD30D18A05F00A7A3C2 /* normupld.cpp */,
				64689AD40D18A05F00A7A3C2 /* pause.cpp */,
				64689AD50D18A05F00A7A3C2 /* printfile.cpp */,
				64689AD60D18A05F00A7A3C2 /* quote.cpp */,
				64689AD70D18A05F00A7A3C2 /* readmail.cpp */,
				64689AD90D18A05F00A7A3C2 /* shortmsg.cpp */,
				64689ADA0D18A05F00A7A3C2 /* showfiles.cpp */,
				64689ADB0D18A05F00A7A3C2 /* SmallRecord.cpp */,
				64689ADC0D18A05F00A7A3C2 /* sr.cpp */,
				64689ADD0D18A05F00A7A3C2 /* srrcv.cpp */,
				64689ADE0D18A05F00A7A3C2 /* srsend.cpp */,
				64689ADF0D18A05F00A7A3C2 /* status.cpp */,
				64689AE00D18A05F00A7A3C2 /* strings.cpp */,
				64689AE10D18A05F00A7A3C2 /* stuffin.cpp */,
				64689AE20D18A05F00A7A3C2 /* subacc.cpp */,
				64689AE30D18A05F00A7A3C2 /* subedit.cpp */,
				64689AE40D18A05F00A7A3C2 /* sublist.cpp */,
				64689AE50D18A05F00A7A3C2 /* subreq.cpp */,
				64689AE60D18A05F00A7A3C2 /* subxtr.cpp */,
				64689AE80D18A05F00A7A3C2 /* syschat.cpp */,
				64689AE90D18A05F00A7A3C2 /* sysopf.cpp */,
				64689AEA0D18A05F00A7A3C2 /* sysoplog.cpp */,
				64689AEB0D18A05F00A7A3C2 /* trytoul.cpp */,
				64689AEC0D18A05F00A7A3C2 /* uedit.cpp */,
				64689BD30D18A92E00A7A3C2 /* unittests.cpp */,
				64689AED0D18A05F00A7A3C2 /* user.cpp */,
				64689AEE0D18A05F00A7A3C2 /* utility.cpp */,
				64689AEF0D18A05F00A7A3C2 /* valscan.cpp */,
				64689AF20D18A05F00A7A3C2 /* version.cpp */,
				64689AF30D18A05F00A7A3C2 /* vote.cpp */,
				64689AF40D18A05F00A7A3C2 /* voteedit.cpp */,
				64689AF50D18A05F00A7A3C2 /* WComm.cpp */,
				64689AF80D18A05F00A7A3C2 /* wfc.cpp */,
				64689AF90D18A05F00A7A3C2 /* WOutStream.cpp */,
				64689AFA0D18A05F00A7A3C2 /* WOutStreamBuffer.cpp */,
				64689AFC0D18A05F00A7A3C2 /* wqscn.cpp */,
				64689AFD0D18A05F00A7A3C2 /* WSession.cpp */,
				64689B000D18A05F00A7A3C2 /* WStringUtils.cpp */,
				64689B020D18A05F00A7A3C2 /* WTextFile.cpp */,
				64689B050D18A05F00A7A3C2 /* WUser.cpp */,
				64689B090D18A05F00A7A3C2 /* xfer.cpp */,
				64689B0A0D18A05F00A7A3C2 /* xferovl.cpp */,
				64689B0B0D18A05F00A7A3C2 /* xferovl1.cpp */,
				64689B0C0D18A05F00A7A3C2 /* xfertmp.cpp */,
				64689B0D0D18A05F00A7A3C2 /* xinit.cpp */,
			);
			name = "Generic Sources";
			sourceTree = "<group>";
		};
		64689AB10D189FF500A7A3C2 /* Generic Headers */ = {
			isa = PBXGroup;
			children = (
				64689A8D0D189FB500A7A3C2 /* common.h */,
				64689A9A0D189FB500A7A3C2 /* fcns.h */,
				64689A9B0D189FB500A7A3C2 /* filenames.h */,
				64689A6F0D189FA800A7A3C2 /* bbs.h */,
				64689AB80D18A05F00A7A3C2 /* ini.h */,
				64689ABC0D18A05F00A7A3C2 /* instmsg.h */,
				64689AC00D18A05F00A7A3C2 /* listplus.h */,
				64689AC40D18A05F00A7A3C2 /* menu.h */,
				6434A8040D25769E009F421C /* menusupp.h */,
				64689AD00D18A05F00A7A3C2 /* net.h */,
				64689AD80D18A05F00A7A3C2 /* Runnable.h */,
				64689AE70D18A05F00A7A3C2 /* subxtr.h */,
				64689BD40D18A92E00A7A3C2 /* unittests.h */,
				64689AF00D18A05F00A7A3C2 /* vardec.h */,
				64689AF10D18A05F00A7A3C2 /* vars.h */,
				64689AF60D18A05F00A7A3C2 /* WComm.h */,
				64689AF70D18A05F00A7A3C2 /* WConstants.h */,
				64689AFB0D18A05F00A7A3C2 /* WOutStreamBuffer.h */,
				64689AFE0D18A05F00A7A3C2 /* WSession.h */,
				64689AFF0D18A05F00A7A3C2 /* WStatus.h */,
				64689B010D18A05F00A7A3C2 /* WStringUtils.h */,
				64689B030D18A05F00A7A3C2 /* WTextFile.h */,
				64689B040D18A05F00A7A3C2 /* wtypes.h */,
				64689B060D18A05F00A7A3C2 /* WUser.h */,
				64689B070D18A05F00A7A3C2 /* wwiv.h */,
				64689B080D18A05F00A7A3C2 /* wwivassert.h */,
				64689B0E0D18A05F00A7A3C2 /* xinitini.h */,
			);
			name = "Generic Headers";
			sourceTree = "<group>";
		};
		64689B560D18A0A400A7A3C2 /* Platform Headers */ = {
			isa = PBXGroup;
			children = (
				64689B580D18A0C200A7A3C2 /* incl1.h */,
				64689B590D18A0C200A7A3C2 /* incl2.h */,
				64E663E70D1A01F1003978F9 /* macversioninfo.h */,
				64689B5A0D18A0C200A7A3C2 /* platformfcns.h */,
				64689B5B0D18A0C200A7A3C2 /* testos.h */,
				64689B5C0D18A0C200A7A3C2 /* WFile.h */,
				64689B6E0D18A10600A7A3C2 /* Wiou.h */,
				64689B5D0D18A0C200A7A3C2 /* wfndfile.h */,
				64689B5E0D18A0C200A7A3C2 /* WLocalIO.h */,
				64689B5F0D18A0C200A7A3C2 /* wutil.h */,
			);
			name = "Platform Headers";
			sourceTree = "<group>";
		};
		64689B570D18A0AA00A7A3C2 /* Platform Sources */ = {
			isa = PBXGroup;
			children = (
				64E664040D1A03C4003978F9 /* Foundation.framework */,
				64E664000D1A03B8003978F9 /* CoreFoundation.framework */,
				64689B600D18A0F000A7A3C2 /* DateTime.cpp */,
				64689B640D18A10600A7A3C2 /* exec.cpp */,
				64689B650D18A10600A7A3C2 /* filestuff.cpp */,
				64E663E80D1A01F1003978F9 /* macversioninfo.m */,
				64689B680D18A10600A7A3C2 /* reboot.cpp */,
				64689B690D18A10600A7A3C2 /* stringstuff.cpp */,
				64689B6A0D18A10600A7A3C2 /* utility2.cpp */,
				64689B6B0D18A10600A7A3C2 /* WFile.cpp */,
				64689B6C0D18A10600A7A3C2 /* wfndfile.cpp */,
				64689B6D0D18A10600A7A3C2 /* Wiou.cpp */,
				64689B6F0D18A10600A7A3C2 /* WLocalIO.cpp */,
				64689B700D18A10600A7A3C2 /* wshare.cpp */,
				64689B610D18A0F000A7A3C2 /* wutil.cpp */,
			);
			name = "Platform Sources";
			sourceTree = "<group>";
		};
		64689BD60D18A95200A7A3C2 /* Protocol Headers */ = {
			isa = PBXGroup;
			children = (
				64689BD90D18A97D00A7A3C2 /* crctab.h */,
				64689BDA0D18A97D00A7A3C2 /* xmodem.h */,
				64689BDE0D18A97D00A7A3C2 /* zmodem.h */,
			);
			name = "Protocol Headers";
			sourceTree = "<group>";
		};
		64689BD70D18A95900A7A3C2 /* Protocol Sources */ = {
			isa = PBXGroup;
			children = (
				64689BD80D18A97D00A7A3C2 /* crctab.cpp */,
				64689BDD0D18A97D00A7A3C2 /* zmodem.cpp */,
				64689BDF0D18A97D00A7A3C2 /* zmodemcrc.cpp */,
				64689BE00D18A97D00A7A3C2 /* zmodemr.cpp */,
				64689BE10D18A97D00A7A3C2 /* zmodemt.cpp */,
				64689BE20D18A97D00A7A3C2 /* zmutil.cpp */,
				64689BE30D18A97D00A7A3C2 /* zmwwiv.cpp */,
			);
			name = "Protocol Sources";
			sourceTree = "<group>";
		};
		C6859E8C029090F304C91782 /* Documentation */ = {
			isa = PBXGroup;
			children = (
			);
			name = Documentation;
			sourceTree = "<group>";
		};
/* End PBXGroup section */

/* Begin PBXHeadersBuildPhase section */
		64121DA10D18AE6E00A657D3 /* Headers */ = {
			isa = PBXHeadersBuildPhase;
			buildActionMask = 2147483647;
			files = (
				64121DDB0D18AEB500A657D3 /* Colors.h in Headers */,
				64121DDC0D18AEB500A657D3 /* Command.h in Headers */,
				64121DDD0D18AEB500A657D3 /* Component.h in Headers */,
				64121DDE0D18AEB500A657D3 /* Desktop.h in Headers */,
				64121DDF0D18AEB500A657D3 /* InputBox.h in Headers */,
				64121DE00D18AEB500A657D3 /* Menu.h in Headers */,
				64121DE10D18AEB500A657D3 /* MenuBar.h in Headers */,
				64121DE20D18AEB500A657D3 /* MenuItem.h in Headers */,
				64121DE30D18AEB500A657D3 /* MessageBox.h in Headers */,
				64121DE40D18AEB500A657D3 /* PopupMenu.h in Headers */,
				64121DE50D18AEB500A657D3 /* SubWindow.h in Headers */,
				64121DE60D18AEB500A657D3 /* View.h in Headers */,
				64121DE70D18AEB500A657D3 /* Window.h in Headers */,
				64121DE80D18AEB500A657D3 /* TextUI.h in Headers */,
			);
			runOnlyForDeploymentPostprocessing = 0;
		};
/* End PBXHeadersBuildPhase section */

/* Begin PBXNativeTarget section */
		64121D7E0D18ADBF00A657D3 /* init */ = {
			isa = PBXNativeTarget;
			buildConfigurationList = 64121D840D18ADCA00A657D3 /* Build configuration list for PBXNativeTarget "init" */;
			buildPhases = (
				64121D7C0D18ADBF00A657D3 /* Sources */,
				64121D7D0D18ADBF00A657D3 /* Frameworks */,
			);
			buildRules = (
			);
			dependencies = (
				64121E7D0D18B3F200A657D3 /* PBXTargetDependency */,
			);
			name = init;
			productName = initlite;
			productReference = 64121D7F0D18ADBF00A657D3 /* init */;
			productType = "com.apple.product-type.tool";
		};
		64121DA40D18AE6E00A657D3 /* TextUI */ = {
			isa = PBXNativeTarget;
			buildConfigurationList = 64121DA90D18AE7500A657D3 /* Build configuration list for PBXNativeTarget "TextUI" */;
			buildPhases = (
				64121DA10D18AE6E00A657D3 /* Headers */,
				64121DA20D18AE6E00A657D3 /* Sources */,
				64121DA30D18AE6E00A657D3 /* Frameworks */,
			);
			buildRules = (
			);
			dependencies = (
			);
			name = TextUI;
			productName = TextUI;
			productReference = 64121DA50D18AE6E00A657D3 /* libTextUI.a */;
			productType = "com.apple.product-type.library.static";
		};
		8DD76F620486A84900D96B5E /* wwiv50 */ = {
			isa = PBXNativeTarget;
			buildConfigurationList = 1DEB923108733DC60010E9CD /* Build configuration list for PBXNativeTarget "wwiv50" */;
			buildPhases = (
				8DD76F640486A84900D96B5E /* Sources */,
				8DD76F660486A84900D96B5E /* Frameworks */,
			);
			buildRules = (
			);
			dependencies = (
			);
			name = wwiv50;
			productInstallPath = "$(HOME)/bin";
			productName = wwiv50;
			productReference = 8DD76F6C0486A84900D96B5E /* wwiv50 */;
			productType = "com.apple.product-type.tool";
		};
/* End PBXNativeTarget section */

/* Begin PBXProject section */
		08FB7793FE84155DC02AAC07 /* Project object */ = {
			isa = PBXProject;
			buildConfigurationList = 1DEB923508733DC60010E9CD /* Build configuration list for PBXProject "wwiv50" */;
			compatibilityVersion = "Xcode 3.0";
			hasScannedForEncodings = 1;
			mainGroup = 08FB7794FE84155DC02AAC07 /* wwiv50 */;
			projectDirPath = "";
			projectRoot = "";
			targets = (
				8DD76F620486A84900D96B5E /* wwiv50 */,
				64121D7E0D18ADBF00A657D3 /* init */,
				64121DA40D18AE6E00A657D3 /* TextUI */,
			);
		};
/* End PBXProject section */

/* Begin PBXSourcesBuildPhase section */
		64121D7C0D18ADBF00A657D3 /* Sources */ = {
			isa = PBXSourcesBuildPhase;
			buildActionMask = 2147483647;
			files = (
				64121D990D18AE5100A657D3 /* bbsfuncs.cpp in Sources */,
				64121D9A0D18AE5100A657D3 /* main.cpp in Sources */,
				64121D9B0D18AE5100A657D3 /* sys_general.cpp in Sources */,
				64121D9C0D18AE5100A657D3 /* sys_paths.cpp in Sources */,
				64121E530D18B18D00A657D3 /* WFile.cpp in Sources */,
				64121E540D18B19C00A657D3 /* version.cpp in Sources */,
				64121E570D18B1B600A657D3 /* wfndfile.cpp in Sources */,
				64121E580D18B1C500A657D3 /* WStringUtils.cpp in Sources */,
			);
			runOnlyForDeploymentPostprocessing = 0;
		};
		64121DA20D18AE6E00A657D3 /* Sources */ = {
			isa = PBXSourcesBuildPhase;
			buildActionMask = 2147483647;
			files = (
				64121DBE0D18AEAA00A657D3 /* Colors.cpp in Sources */,
				64121DBF0D18AEAA00A657D3 /* Command.cpp in Sources */,
				64121DC00D18AEAA00A657D3 /* Component.cpp in Sources */,
				64121DC10D18AEAA00A657D3 /* Desktop.cpp in Sources */,
				64121DC20D18AEAA00A657D3 /* InputBox.cpp in Sources */,
				64121DC30D18AEAA00A657D3 /* Menu.cpp in Sources */,
				64121DC40D18AEAA00A657D3 /* MenuBar.cpp in Sources */,
				64121DC50D18AEAA00A657D3 /* MenuItem.cpp in Sources */,
				64121DC60D18AEAA00A657D3 /* MessageBox.cpp in Sources */,
				64121DC70D18AEAA00A657D3 /* PopupMenu.cpp in Sources */,
				64121DC80D18AEAA00A657D3 /* SubWindow.cpp in Sources */,
				64121DC90D18AEAA00A657D3 /* TUI.cpp in Sources */,
				64121DCA0D18AEAA00A657D3 /* View.cpp in Sources */,
				64121DCB0D18AEAA00A657D3 /* Window.cpp in Sources */,
			);
			runOnlyForDeploymentPostprocessing = 0;
		};
		8DD76F640486A84900D96B5E /* Sources */ = {
			isa = PBXSourcesBuildPhase;
			buildActionMask = 2147483647;
			files = (
				64689A790D189FA800A7A3C2 /* asv.cpp in Sources */,
				64689A7A0D189FA800A7A3C2 /* attach.cpp in Sources */,
				64689A7B0D189FA800A7A3C2 /* automsg.cpp in Sources */,
				64689A7C0D189FA800A7A3C2 /* batch.cpp in Sources */,
				64689A7D0D189FA800A7A3C2 /* bbs.cpp in Sources */,
				64689A7E0D189FA800A7A3C2 /* bbslist.cpp in Sources */,
				64689A7F0D189FA800A7A3C2 /* bbsovl1.cpp in Sources */,
				64689A800D189FA800A7A3C2 /* bbsovl2.cpp in Sources */,
				64689A810D189FA800A7A3C2 /* bbsovl3.cpp in Sources */,
				64689A820D189FA800A7A3C2 /* bbsutl.cpp in Sources */,
				64689A830D189FA800A7A3C2 /* bbsutl1.cpp in Sources */,
				64689A840D189FA800A7A3C2 /* bbsutl2.cpp in Sources */,
				64689A850D189FA800A7A3C2 /* bgetch.cpp in Sources */,
				64689A860D189FA800A7A3C2 /* bputch.cpp in Sources */,
				64689A9D0D189FB500A7A3C2 /* callback.cpp in Sources */,
				64689A9E0D189FB500A7A3C2 /* chains.cpp in Sources */,
				64689A9F0D189FB500A7A3C2 /* chat.cpp in Sources */,
				64689AA00D189FB500A7A3C2 /* chnedit.cpp in Sources */,
				64689AA10D189FB500A7A3C2 /* colors.cpp in Sources */,
				64689AA20D189FB500A7A3C2 /* com.cpp in Sources */,
				64689AA30D189FB500A7A3C2 /* conf.cpp in Sources */,
				64689AA40D189FB500A7A3C2 /* confutil.cpp in Sources */,
				64689AA50D189FB500A7A3C2 /* connect1.cpp in Sources */,
				64689AA60D189FB500A7A3C2 /* crc.cpp in Sources */,
				64689AA70D189FB500A7A3C2 /* defaults.cpp in Sources */,
				64689AA80D189FB500A7A3C2 /* diredit.cpp in Sources */,
				64689AA90D189FB500A7A3C2 /* dirlist.cpp in Sources */,
				64689AAA0D189FB500A7A3C2 /* dropfile.cpp in Sources */,
				64689AAB0D189FB500A7A3C2 /* dupphone.cpp in Sources */,
				64689AAC0D189FB500A7A3C2 /* events.cpp in Sources */,
				64689AAD0D189FB500A7A3C2 /* execexternal.cpp in Sources */,
				64689AAE0D189FB500A7A3C2 /* extract.cpp in Sources */,
				64689AAF0D189FB500A7A3C2 /* FindUser.cpp in Sources */,
				64689B0F0D18A05F00A7A3C2 /* gfiles.cpp in Sources */,
				64689B100D18A05F00A7A3C2 /* gfledit.cpp in Sources */,
				64689B110D18A05F00A7A3C2 /* hop.cpp in Sources */,
				64689B120D18A05F00A7A3C2 /* inetmsg.cpp in Sources */,
				64689B130D18A05F00A7A3C2 /* ini.cpp in Sources */,
				64689B140D18A05F00A7A3C2 /* inmsg.cpp in Sources */,
				64689B150D18A05F00A7A3C2 /* input.cpp in Sources */,
				64689B160D18A05F00A7A3C2 /* instmsg.cpp in Sources */,
				64689B170D18A05F00A7A3C2 /* interpret.cpp in Sources */,
				64689B180D18A05F00A7A3C2 /* lilo.cpp in Sources */,
				64689B190D18A05F00A7A3C2 /* listplus.cpp in Sources */,
				64689B1A0D18A05F00A7A3C2 /* lpfunc.cpp in Sources */,
				64689B1B0D18A05F00A7A3C2 /* memory.cpp in Sources */,
				64689B1C0D18A05F00A7A3C2 /* menu.cpp in Sources */,
				64689B1D0D18A05F00A7A3C2 /* menuedit.cpp in Sources */,
				64689B1E0D18A05F00A7A3C2 /* menuspec.cpp in Sources */,
				64689B1F0D18A05F00A7A3C2 /* menusupp.cpp in Sources */,
				64689B210D18A05F00A7A3C2 /* misccmd.cpp in Sources */,
				64689B220D18A05F00A7A3C2 /* modem.cpp in Sources */,
				64689B230D18A05F00A7A3C2 /* msgbase.cpp in Sources */,
				64689B240D18A05F00A7A3C2 /* msgbase1.cpp in Sources */,
				64689B250D18A05F00A7A3C2 /* msgscan.cpp in Sources */,
				64689B260D18A05F00A7A3C2 /* multinst.cpp in Sources */,
				64689B270D18A05F00A7A3C2 /* multmail.cpp in Sources */,
				64689B280D18A05F00A7A3C2 /* netsup.cpp in Sources */,
				64689B290D18A05F00A7A3C2 /* newuser.cpp in Sources */,
				64689B2A0D18A05F00A7A3C2 /* normupld.cpp in Sources */,
				64689B2B0D18A05F00A7A3C2 /* pause.cpp in Sources */,
				64689B2C0D18A05F00A7A3C2 /* printfile.cpp in Sources */,
				64689B2D0D18A05F00A7A3C2 /* quote.cpp in Sources */,
				64689B2E0D18A05F00A7A3C2 /* readmail.cpp in Sources */,
				64689B2F0D18A05F00A7A3C2 /* shortmsg.cpp in Sources */,
				64689B300D18A05F00A7A3C2 /* showfiles.cpp in Sources */,
				64689B310D18A05F00A7A3C2 /* SmallRecord.cpp in Sources */,
				64689B320D18A05F00A7A3C2 /* sr.cpp in Sources */,
				64689B330D18A05F00A7A3C2 /* srrcv.cpp in Sources */,
				64689B340D18A05F00A7A3C2 /* srsend.cpp in Sources */,
				64689B350D18A05F00A7A3C2 /* status.cpp in Sources */,
				64689B360D18A05F00A7A3C2 /* strings.cpp in Sources */,
				64689B370D18A05F00A7A3C2 /* stuffin.cpp in Sources */,
				64689B380D18A05F00A7A3C2 /* subacc.cpp in Sources */,
				64689B390D18A05F00A7A3C2 /* subedit.cpp in Sources */,
				64689B3A0D18A05F00A7A3C2 /* sublist.cpp in Sources */,
				64689B3B0D18A05F00A7A3C2 /* subreq.cpp in Sources */,
				64689B3C0D18A05F00A7A3C2 /* subxtr.cpp in Sources */,
				64689B3D0D18A05F00A7A3C2 /* syschat.cpp in Sources */,
				64689B3E0D18A05F00A7A3C2 /* sysopf.cpp in Sources */,
				64689B3F0D18A05F00A7A3C2 /* sysoplog.cpp in Sources */,
				64689B400D18A05F00A7A3C2 /* trytoul.cpp in Sources */,
				64689B410D18A05F00A7A3C2 /* uedit.cpp in Sources */,
				64689B420D18A05F00A7A3C2 /* user.cpp in Sources */,
				64689B430D18A05F00A7A3C2 /* utility.cpp in Sources */,
				64689B440D18A05F00A7A3C2 /* valscan.cpp in Sources */,
				64689B450D18A05F00A7A3C2 /* version.cpp in Sources */,
				64689B460D18A05F00A7A3C2 /* vote.cpp in Sources */,
				64689B470D18A05F00A7A3C2 /* voteedit.cpp in Sources */,
				64689B480D18A05F00A7A3C2 /* WComm.cpp in Sources */,
				64689B490D18A05F00A7A3C2 /* wfc.cpp in Sources */,
				64689B4A0D18A05F00A7A3C2 /* WOutStream.cpp in Sources */,
				64689B4B0D18A05F00A7A3C2 /* WOutStreamBuffer.cpp in Sources */,
				64689B4C0D18A05F00A7A3C2 /* wqscn.cpp in Sources */,
				64689B4D0D18A05F00A7A3C2 /* WSession.cpp in Sources */,
				64689B4E0D18A05F00A7A3C2 /* WStringUtils.cpp in Sources */,
				64689B4F0D18A05F00A7A3C2 /* WTextFile.cpp in Sources */,
				64689B500D18A05F00A7A3C2 /* WUser.cpp in Sources */,
				64689B510D18A05F00A7A3C2 /* xfer.cpp in Sources */,
				64689B520D18A05F00A7A3C2 /* xferovl.cpp in Sources */,
				64689B530D18A05F00A7A3C2 /* xferovl1.cpp in Sources */,
				64689B540D18A05F00A7A3C2 /* xfertmp.cpp in Sources */,
				64689B550D18A05F00A7A3C2 /* xinit.cpp in Sources */,
				64689B620D18A0F000A7A3C2 /* DateTime.cpp in Sources */,
				64689B630D18A0F000A7A3C2 /* wutil.cpp in Sources */,
				64689B710D18A10600A7A3C2 /* exec.cpp in Sources */,
				64689B720D18A10600A7A3C2 /* filestuff.cpp in Sources */,
				64689B740D18A10600A7A3C2 /* reboot.cpp in Sources */,
				64689B750D18A10600A7A3C2 /* stringstuff.cpp in Sources */,
				64689B760D18A10600A7A3C2 /* utility2.cpp in Sources */,
				64689B770D18A10600A7A3C2 /* WFile.cpp in Sources */,
				64689B780D18A10600A7A3C2 /* wfndfile.cpp in Sources */,
				64689B790D18A10600A7A3C2 /* Wiou.cpp in Sources */,
				64689B7A0D18A10600A7A3C2 /* WLocalIO.cpp in Sources */,
				64689B7B0D18A10600A7A3C2 /* wshare.cpp in Sources */,
				64689BD50D18A92E00A7A3C2 /* unittests.cpp in Sources */,
				64689BE40D18A97D00A7A3C2 /* crctab.cpp in Sources */,
				64689BE70D18A97D00A7A3C2 /* zmodem.cpp in Sources */,
				64689BE80D18A97D00A7A3C2 /* zmodemcrc.cpp in Sources */,
				64689BE90D18A97D00A7A3C2 /* zmodemr.cpp in Sources */,
				64689BEA0D18A97D00A7A3C2 /* zmodemt.cpp in Sources */,
				64689BEB0D18A97D00A7A3C2 /* zmutil.cpp in Sources */,
				64689BEC0D18A97D00A7A3C2 /* zmwwiv.cpp in Sources */,
				64E663E90D1A01F1003978F9 /* macversioninfo.m in Sources */,
				6434A8100D257A9A009F421C /* menuinterpretcommand.cpp in Sources */,
			);
			runOnlyForDeploymentPostprocessing = 0;
		};
/* End PBXSourcesBuildPhase section */

/* Begin PBXTargetDependency section */
		64121E7D0D18B3F200A657D3 /* PBXTargetDependency */ = {
			isa = PBXTargetDependency;
			target = 64121DA40D18AE6E00A657D3 /* TextUI */;
			targetProxy = 64121E7C0D18B3F200A657D3 /* PBXContainerItemProxy */;
		};
/* End PBXTargetDependency section */

/* Begin XCBuildConfiguration section */
		1DEB923208733DC60010E9CD /* Debug */ = {
			isa = XCBuildConfiguration;
			buildSettings = {
				COPY_PHASE_STRIP = NO;
				GCC_DYNAMIC_NO_PIC = NO;
				GCC_ENABLE_FIX_AND_CONTINUE = YES;
				GCC_MODEL_TUNING = G5;
				GCC_OPTIMIZATION_LEVEL = 0;
				GCC_PREPROCESSOR_DEFINITIONS = (
					"_GLIBCXX_DEBUG=1",
					"_GLIBCXX_DEBUG_PEDANTIC=1",
				);
				INSTALL_PATH = /usr/local/bin;
				PRODUCT_NAME = wwiv50;
				ZERO_LINK = YES;
			};
			name = Debug;
		};
		1DEB923308733DC60010E9CD /* Release */ = {
			isa = XCBuildConfiguration;
			buildSettings = {
				DEBUG_INFORMATION_FORMAT = "dwarf-with-dsym";
				GCC_MODEL_TUNING = G5;
				INSTALL_PATH = /usr/local/bin;
				PRODUCT_NAME = wwiv50;
			};
			name = Release;
		};
		1DEB923608733DC60010E9CD /* Debug */ = {
			isa = XCBuildConfiguration;
			buildSettings = {
				GCC_WARN_ABOUT_RETURN_TYPE = YES;
				GCC_WARN_UNUSED_VARIABLE = YES;
				PREBINDING = NO;
				SDKROOT = "$(DEVELOPER_SDK_DIR)/MacOSX10.5.sdk";
			};
			name = Debug;
		};
		1DEB923708733DC60010E9CD /* Release */ = {
			isa = XCBuildConfiguration;
			buildSettings = {
				ARCHS = (
					ppc,
					i386,
				);
				GCC_WARN_ABOUT_RETURN_TYPE = YES;
				GCC_WARN_UNUSED_VARIABLE = YES;
				PREBINDING = NO;
				SDKROOT = "$(DEVELOPER_SDK_DIR)/MacOSX10.5.sdk";
			};
			name = Release;
		};
		64121D810D18ADC000A657D3 /* Debug */ = {
			isa = XCBuildConfiguration;
			buildSettings = {
				COPY_PHASE_STRIP = NO;
				GCC_DYNAMIC_NO_PIC = NO;
				GCC_ENABLE_FIX_AND_CONTINUE = YES;
				GCC_MODEL_TUNING = G5;
				GCC_OPTIMIZATION_LEVEL = 0;
				HEADER_SEARCH_PATHS = ../textui/include;
				INSTALL_PATH = /usr/local/bin;
				LIBRARY_SEARCH_PATHS = "$(BUILD_DIR)/$(CONFIGURATION)";
				MACH_O_TYPE = mh_execute;
				OTHER_LDFLAGS = (
					"-lncurses",
					"-lTextUI",
				);
				PREBINDING = NO;
				PRODUCT_NAME = init;
				VALID_ARCHS = "i386 x86_64";
				ZERO_LINK = YES;
			};
			name = Debug;
		};
		64121D820D18ADC000A657D3 /* Release */ = {
			isa = XCBuildConfiguration;
			buildSettings = {
				COPY_PHASE_STRIP = YES;
				DEBUG_INFORMATION_FORMAT = "dwarf-with-dsym";
				GCC_ENABLE_FIX_AND_CONTINUE = NO;
				GCC_MODEL_TUNING = G5;
				HEADER_SEARCH_PATHS = ../textui/include;
				INSTALL_PATH = /usr/local/bin;
				LIBRARY_SEARCH_PATHS = "$(BUILD_DIR)/$(CONFIGURATION)";
				MACH_O_TYPE = mh_execute;
				OTHER_LDFLAGS = (
					"-lncurses",
					"-lTextUI",
				);
				PREBINDING = NO;
				PRODUCT_NAME = init;
				VALID_ARCHS = "i386 x86_64";
				ZERO_LINK = NO;
			};
			name = Release;
		};
		64121DA60D18AE6F00A657D3 /* Debug */ = {
			isa = XCBuildConfiguration;
			buildSettings = {
				COPY_PHASE_STRIP = NO;
				GCC_DYNAMIC_NO_PIC = NO;
				GCC_ENABLE_FIX_AND_CONTINUE = YES;
				GCC_MODEL_TUNING = G5;
				GCC_OPTIMIZATION_LEVEL = 0;
				INSTALL_PATH = /usr/local/lib;
				OTHER_LDFLAGS = "";
				PREBINDING = NO;
				PRODUCT_NAME = TextUI;
				ZERO_LINK = YES;
			};
			name = Debug;
		};
		64121DA70D18AE6F00A657D3 /* Release */ = {
			isa = XCBuildConfiguration;
			buildSettings = {
				COPY_PHASE_STRIP = YES;
				DEBUG_INFORMATION_FORMAT = "dwarf-with-dsym";
				GCC_ENABLE_FIX_AND_CONTINUE = NO;
				GCC_MODEL_TUNING = G5;
				INSTALL_PATH = /usr/local/lib;
				OTHER_LDFLAGS = "";
				PREBINDING = NO;
				PRODUCT_NAME = TextUI;
				ZERO_LINK = NO;
			};
			name = Release;
		};
/* End XCBuildConfiguration section */

/* Begin XCConfigurationList section */
		1DEB923108733DC60010E9CD /* Build configuration list for PBXNativeTarget "wwiv50" */ = {
			isa = XCConfigurationList;
			buildConfigurations = (
				1DEB923208733DC60010E9CD /* Debug */,
				1DEB923308733DC60010E9CD /* Release */,
			);
			defaultConfigurationIsVisible = 0;
			defaultConfigurationName = Release;
		};
		1DEB923508733DC60010E9CD /* Build configuration list for PBXProject "wwiv50" */ = {
			isa = XCConfigurationList;
			buildConfigurations = (
				1DEB923608733DC60010E9CD /* Debug */,
				1DEB923708733DC60010E9CD /* Release */,
			);
			defaultConfigurationIsVisible = 0;
			defaultConfigurationName = Release;
		};
		64121D840D18ADCA00A657D3 /* Build configuration list for PBXNativeTarget "init" */ = {
			isa = XCConfigurationList;
			buildConfigurations = (
				64121D810D18ADC000A657D3 /* Debug */,
				64121D820D18ADC000A657D3 /* Release */,
			);
			defaultConfigurationIsVisible = 0;
			defaultConfigurationName = Release;
		};
		64121DA90D18AE7500A657D3 /* Build configuration list for PBXNativeTarget "TextUI" */ = {
			isa = XCConfigurationList;
			buildConfigurations = (
				64121DA60D18AE6F00A657D3 /* Debug */,
				64121DA70D18AE6F00A657D3 /* Release */,
			);
			defaultConfigurationIsVisible = 0;
			defaultConfigurationName = Release;
		};
/* End XCConfigurationList section */
	};
	rootObject = 08FB7793FE84155DC02AAC07 /* Project object */;
}
