<?xml version="1.0" encoding="utf-8"?>
<Project ToolsVersion="4.0" xmlns="http://schemas.microsoft.com/developer/msbuild/2003">
  <ItemGroup>
    <ClCompile Include="archivers.cpp">
      <Filter>Source Files</Filter>
    </ClCompile>
    <ClCompile Include="asv.cpp">
      <Filter>Source Files</Filter>
    </ClCompile>
    <ClCompile Include="attach.cpp">
      <Filter>Source Files</Filter>
    </ClCompile>
    <ClCompile Include="automsg.cpp">
      <Filter>Source Files</Filter>
    </ClCompile>
    <ClCompile Include="batch.cpp">
      <Filter>Source Files</Filter>
    </ClCompile>
    <ClCompile Include="bbs.cpp">
      <Filter>Source Files</Filter>
    </ClCompile>
    <ClCompile Include="bbslist.cpp">
      <Filter>Source Files</Filter>
    </ClCompile>
    <ClCompile Include="bbsovl1.cpp">
      <Filter>Source Files</Filter>
    </ClCompile>
    <ClCompile Include="bbsovl2.cpp">
      <Filter>Source Files</Filter>
    </ClCompile>
    <ClCompile Include="bbsovl3.cpp">
      <Filter>Source Files</Filter>
    </ClCompile>
    <ClCompile Include="bbsutl.cpp">
      <Filter>Source Files</Filter>
    </ClCompile>
    <ClCompile Include="bbsutl1.cpp">
      <Filter>Source Files</Filter>
    </ClCompile>
    <ClCompile Include="bbsutl2.cpp">
      <Filter>Source Files</Filter>
    </ClCompile>
    <ClCompile Include="bgetch.cpp">
      <Filter>Source Files</Filter>
    </ClCompile>
    <ClCompile Include="bputch.cpp">
      <Filter>Source Files</Filter>
    </ClCompile>
    <ClCompile Include="callback.cpp">
      <Filter>Source Files</Filter>
    </ClCompile>
    <ClCompile Include="chains.cpp">
      <Filter>Source Files</Filter>
    </ClCompile>
    <ClCompile Include="chat.cpp">
      <Filter>Source Files</Filter>
    </ClCompile>
    <ClCompile Include="chnedit.cpp">
      <Filter>Source Files</Filter>
    </ClCompile>
    <ClCompile Include="colors.cpp">
      <Filter>Source Files</Filter>
    </ClCompile>
    <ClCompile Include="com.cpp">
      <Filter>Source Files</Filter>
    </ClCompile>
    <ClCompile Include="conf.cpp">
      <Filter>Source Files</Filter>
    </ClCompile>
    <ClCompile Include="confutil.cpp">
      <Filter>Source Files</Filter>
    </ClCompile>
    <ClCompile Include="connect1.cpp">
      <Filter>Source Files</Filter>
    </ClCompile>
    <ClCompile Include="crc.cpp">
      <Filter>Source Files</Filter>
    </ClCompile>
    <ClCompile Include="prot\crctab.cpp">
      <Filter>Source Files</Filter>
    </ClCompile>
    <ClCompile Include="datetime.cpp">
      <Filter>Source Files</Filter>
    </ClCompile>
    <ClCompile Include="defaults.cpp">
      <Filter>Source Files</Filter>
    </ClCompile>
    <ClCompile Include="diredit.cpp">
      <Filter>Source Files</Filter>
    </ClCompile>
    <ClCompile Include="dirlist.cpp">
      <Filter>Source Files</Filter>
    </ClCompile>
    <ClCompile Include="dropfile.cpp">
      <Filter>Source Files</Filter>
    </ClCompile>
    <ClCompile Include="dupphone.cpp">
      <Filter>Source Files</Filter>
    </ClCompile>
    <ClCompile Include="events.cpp">
      <Filter>Source Files</Filter>
    </ClCompile>
    <ClCompile Include="platform\win32\exec.cpp">
      <Filter>Source Files</Filter>
    </ClCompile>
    <ClCompile Include="execexternal.cpp">
      <Filter>Source Files</Filter>
    </ClCompile>
    <ClCompile Include="extract.cpp">
      <Filter>Source Files</Filter>
    </ClCompile>
    <ClCompile Include="finduser.cpp">
      <Filter>Source Files</Filter>
    </ClCompile>
    <ClCompile Include="gfiles.cpp">
      <Filter>Source Files</Filter>
    </ClCompile>
    <ClCompile Include="gfledit.cpp">
      <Filter>Source Files</Filter>
    </ClCompile>
    <ClCompile Include="hop.cpp">
      <Filter>Source Files</Filter>
    </ClCompile>
    <ClCompile Include="inetmsg.cpp">
      <Filter>Source Files</Filter>
    </ClCompile>
    <ClCompile Include="inmsg.cpp">
      <Filter>Source Files</Filter>
    </ClCompile>
    <ClCompile Include="input.cpp">
      <Filter>Source Files</Filter>
    </ClCompile>
    <ClCompile Include="instmsg.cpp">
      <Filter>Source Files</Filter>
    </ClCompile>
    <ClCompile Include="platform\win32\InternalTelnetServer.cpp">
      <Filter>Source Files</Filter>
    </ClCompile>
    <ClCompile Include="interpret.cpp">
      <Filter>Source Files</Filter>
    </ClCompile>
    <ClCompile Include="lilo.cpp">
      <Filter>Source Files</Filter>
    </ClCompile>
    <ClCompile Include="listplus.cpp">
      <Filter>Source Files</Filter>
    </ClCompile>
    <ClCompile Include="lpfunc.cpp">
      <Filter>Source Files</Filter>
    </ClCompile>
    <ClCompile Include="memory.cpp">
      <Filter>Source Files</Filter>
    </ClCompile>
    <ClCompile Include="menu.cpp">
      <Filter>Source Files</Filter>
    </ClCompile>
    <ClCompile Include="menuedit.cpp">
      <Filter>Source Files</Filter>
    </ClCompile>
    <ClCompile Include="menuinterpretcommand.cpp">
      <Filter>Source Files</Filter>
    </ClCompile>
    <ClCompile Include="menuspec.cpp">
      <Filter>Source Files</Filter>
    </ClCompile>
    <ClCompile Include="menusupp.cpp">
      <Filter>Source Files</Filter>
    </ClCompile>
    <ClCompile Include="misccmd.cpp">
      <Filter>Source Files</Filter>
    </ClCompile>
    <ClCompile Include="msgbase.cpp">
      <Filter>Source Files</Filter>
    </ClCompile>
    <ClCompile Include="msgbase1.cpp">
      <Filter>Source Files</Filter>
    </ClCompile>
    <ClCompile Include="msgscan.cpp">
      <Filter>Source Files</Filter>
    </ClCompile>
    <ClCompile Include="multinst.cpp">
      <Filter>Source Files</Filter>
    </ClCompile>
    <ClCompile Include="multmail.cpp">
      <Filter>Source Files</Filter>
    </ClCompile>
    <ClCompile Include="netsup.cpp">
      <Filter>Source Files</Filter>
    </ClCompile>
    <ClCompile Include="newuser.cpp">
      <Filter>Source Files</Filter>
    </ClCompile>
    <ClCompile Include="normupld.cpp">
      <Filter>Source Files</Filter>
    </ClCompile>
    <ClCompile Include="pause.cpp">
      <Filter>Source Files</Filter>
    </ClCompile>
    <ClCompile Include="utility.cpp">
      <Filter>Source Files</Filter>
    </ClCompile>
    <ClCompile Include="printfile.cpp">
      <Filter>Source Files</Filter>
    </ClCompile>
    <ClCompile Include="qscan.cpp">
      <Filter>Source Files</Filter>
    </ClCompile>
    <ClCompile Include="quote.cpp">
      <Filter>Source Files</Filter>
    </ClCompile>
    <ClCompile Include="qwk.cpp">
      <Filter>Source Files</Filter>
    </ClCompile>
    <ClCompile Include="qwk1.cpp">
      <Filter>Source Files</Filter>
    </ClCompile>
    <ClCompile Include="readmail.cpp">
      <Filter>Source Files</Filter>
    </ClCompile>
    <ClCompile Include="shortmsg.cpp">
      <Filter>Source Files</Filter>
    </ClCompile>
    <ClCompile Include="showfiles.cpp">
      <Filter>Source Files</Filter>
    </ClCompile>
    <ClCompile Include="SmallRecord.cpp">
      <Filter>Source Files</Filter>
    </ClCompile>
    <ClCompile Include="sr.cpp">
      <Filter>Source Files</Filter>
    </ClCompile>
    <ClCompile Include="srrcv.cpp">
      <Filter>Source Files</Filter>
    </ClCompile>
    <ClCompile Include="srsend.cpp">
      <Filter>Source Files</Filter>
    </ClCompile>
    <ClCompile Include="status.cpp">
      <Filter>Source Files</Filter>
    </ClCompile>
    <ClCompile Include="stuffin.cpp">
      <Filter>Source Files</Filter>
    </ClCompile>
    <ClCompile Include="subacc.cpp">
      <Filter>Source Files</Filter>
    </ClCompile>
    <ClCompile Include="subedit.cpp">
      <Filter>Source Files</Filter>
    </ClCompile>
    <ClCompile Include="sublist.cpp">
      <Filter>Source Files</Filter>
    </ClCompile>
    <ClCompile Include="subreq.cpp">
      <Filter>Source Files</Filter>
    </ClCompile>
    <ClCompile Include="subxtr.cpp">
      <Filter>Source Files</Filter>
    </ClCompile>
    <ClCompile Include="syschat.cpp">
      <Filter>Source Files</Filter>
    </ClCompile>
    <ClCompile Include="sysopf.cpp">
      <Filter>Source Files</Filter>
    </ClCompile>
    <ClCompile Include="sysoplog.cpp">
      <Filter>Source Files</Filter>
    </ClCompile>
    <ClCompile Include="trytoul.cpp">
      <Filter>Source Files</Filter>
    </ClCompile>
    <ClCompile Include="uedit.cpp">
      <Filter>Source Files</Filter>
    </ClCompile>
    <ClCompile Include="user.cpp">
      <Filter>Source Files</Filter>
    </ClCompile>
    <ClCompile Include="platform\win32\utility2.cpp">
      <Filter>Source Files</Filter>
    </ClCompile>
    <ClCompile Include="valscan.cpp">
      <Filter>Source Files</Filter>
    </ClCompile>
    <ClCompile Include="vote.cpp">
      <Filter>Source Files</Filter>
    </ClCompile>
    <ClCompile Include="voteedit.cpp">
      <Filter>Source Files</Filter>
    </ClCompile>
    <ClCompile Include="WComm.cpp">
      <Filter>Source Files</Filter>
    </ClCompile>
    <ClCompile Include="wfc.cpp">
      <Filter>Source Files</Filter>
    </ClCompile>
    <ClCompile Include="platform\win32\wiot.cpp">
      <Filter>Source Files</Filter>
    </ClCompile>
    <ClCompile Include="WOutStream.cpp">
      <Filter>Source Files</Filter>
    </ClCompile>
    <ClCompile Include="WOutStreamBuffer.cpp">
      <Filter>Source Files</Filter>
    </ClCompile>
    <ClCompile Include="wqscn.cpp">
      <Filter>Source Files</Filter>
    </ClCompile>
    <ClCompile Include="WSession.cpp">
      <Filter>Source Files</Filter>
    </ClCompile>
    <ClCompile Include="WUser.cpp">
      <Filter>Source Files</Filter>
    </ClCompile>
    <ClCompile Include="xfer.cpp">
      <Filter>Source Files</Filter>
    </ClCompile>
    <ClCompile Include="xferovl.cpp">
      <Filter>Source Files</Filter>
    </ClCompile>
    <ClCompile Include="xferovl1.cpp">
      <Filter>Source Files</Filter>
    </ClCompile>
    <ClCompile Include="xfertmp.cpp">
      <Filter>Source Files</Filter>
    </ClCompile>
    <ClCompile Include="xinit.cpp">
      <Filter>Source Files</Filter>
    </ClCompile>
    <ClCompile Include="prot\zmodem.cpp">
      <Filter>Source Files</Filter>
    </ClCompile>
    <ClCompile Include="prot\zmodemcrc.cpp">
      <Filter>Source Files</Filter>
    </ClCompile>
    <ClCompile Include="prot\zmodemr.cpp">
      <Filter>Source Files</Filter>
    </ClCompile>
    <ClCompile Include="prot\zmodemt.cpp">
      <Filter>Source Files</Filter>
    </ClCompile>
    <ClCompile Include="prot\zmutil.cpp">
      <Filter>Source Files</Filter>
    </ClCompile>
    <ClCompile Include="prot\zmwwiv.cpp">
      <Filter>Source Files</Filter>
    </ClCompile>
    <ClCompile Include="external_edit.cpp">
      <Filter>Source Files</Filter>
    </ClCompile>
    <ClCompile Include="new_bbslist.cpp">
      <Filter>Source Files</Filter>
    </ClCompile>
    <ClCompile Include="menu_parser.cpp">
      <Filter>Source Files</Filter>
    </ClCompile>
    <ClCompile Include="capture.cpp">
      <Filter>Source Files</Filter>
    </ClCompile>
    <ClCompile Include="local_io_win32.cpp">
      <Filter>Source Files</Filter>
    </ClCompile>
    <ClCompile Include="local_io.cpp">
      <Filter>Source Files</Filter>
    </ClCompile>
    <ClCompile Include="local_io_curses.cpp">
      <Filter>Source Files</Filter>
    </ClCompile>
    <ClCompile Include="wfc_log.cpp">
      <Filter>Source Files</Filter>
    </ClCompile>
  </ItemGroup>
  <ItemGroup>
    <ClInclude Include="bbs.h">
      <Filter>Header Files</Filter>
    </ClInclude>
    <ClInclude Include="conf.h">
      <Filter>Header Files</Filter>
    </ClInclude>
    <ClInclude Include="prot\crctab.h">
      <Filter>Header Files</Filter>
    </ClInclude>
    <ClInclude Include="datetime.h">
      <Filter>Header Files</Filter>
    </ClInclude>
    <ClInclude Include="fcns.h">
      <Filter>Header Files</Filter>
    </ClInclude>
    <ClInclude Include="filenames.h">
      <Filter>Header Files</Filter>
    </ClInclude>
    <ClInclude Include="common.h">
      <Filter>Header Files</Filter>
    </ClInclude>
    <ClInclude Include="listplus.h">
      <Filter>Header Files</Filter>
    </ClInclude>
    <ClInclude Include="instmsg.h">
      <Filter>Header Files</Filter>
    </ClInclude>
    <ClInclude Include="platform\win32\InternalTelnetServer.h">
      <Filter>Header Files</Filter>
    </ClInclude>
    <ClInclude Include="menu.h">
      <Filter>Header Files</Filter>
    </ClInclude>
    <ClInclude Include="menusupp.h">
      <Filter>Header Files</Filter>
    </ClInclude>
    <ClInclude Include="net.h">
      <Filter>Header Files</Filter>
    </ClInclude>
    <ClInclude Include="pause.h">
      <Filter>Header Files</Filter>
    </ClInclude>
    <ClInclude Include="qwk.h">
      <Filter>Header Files</Filter>
    </ClInclude>
    <ClInclude Include="platform\platformfcns.h">
      <Filter>Header Files</Filter>
    </ClInclude>
    <ClInclude Include="printfile.h">
      <Filter>Header Files</Filter>
    </ClInclude>
    <ClInclude Include="qscan.h">
      <Filter>Header Files</Filter>
    </ClInclude>
    <ClInclude Include="subxtr.h">
      <Filter>Header Files</Filter>
    </ClInclude>
    <ClInclude Include="vardec.h">
      <Filter>Header Files</Filter>
    </ClInclude>
    <ClInclude Include="vars.h">
      <Filter>Header Files</Filter>
    </ClInclude>
    <ClInclude Include="wcomm.h">
      <Filter>Header Files</Filter>
    </ClInclude>
    <ClInclude Include="wconstants.h">
      <Filter>Header Files</Filter>
    </ClInclude>
    <ClInclude Include="runnable.h">
      <Filter>Header Files</Filter>
    </ClInclude>
    <ClInclude Include="sysoplog.h">
      <Filter>Header Files</Filter>
    </ClInclude>
    <ClInclude Include="platform\win32\wiot.h">
      <Filter>Header Files</Filter>
    </ClInclude>
    <ClInclude Include="woutstreambuffer.h">
      <Filter>Header Files</Filter>
    </ClInclude>
    <ClInclude Include="xinitini.h">
      <Filter>Header Files</Filter>
    </ClInclude>
    <ClInclude Include="utility.h">
      <Filter>Header Files</Filter>
    </ClInclude>
    <ClInclude Include="wsession.h">
      <Filter>Header Files</Filter>
    </ClInclude>
    <ClInclude Include="wstatus.h">
      <Filter>Header Files</Filter>
    </ClInclude>
    <ClInclude Include="wwiv.h">
      <Filter>Header Files</Filter>
    </ClInclude>
    <ClInclude Include="wwivassert.h">
      <Filter>Header Files</Filter>
    </ClInclude>
    <ClInclude Include="wwivcolors.h">
      <Filter>Header Files</Filter>
    </ClInclude>
    <ClInclude Include="wuser.h">
      <Filter>Header Files</Filter>
    </ClInclude>
    <ClInclude Include="platform\wutil.h">
      <Filter>Header Files</Filter>
    </ClInclude>
    <ClInclude Include="prot\xmodem.h">
      <Filter>Header Files</Filter>
    </ClInclude>
    <ClInclude Include="prot\zmodem.h">
      <Filter>Header Files</Filter>
    </ClInclude>
    <ClInclude Include="input.h">
      <Filter>Header Files</Filter>
    </ClInclude>
    <ClInclude Include="external_edit.h">
      <Filter>Header Files</Filter>
    </ClInclude>
    <ClInclude Include="keycodes.h">
      <Filter>Header Files</Filter>
    </ClInclude>
    <ClInclude Include="new_bbslist.h">
      <Filter>Header Files</Filter>
    </ClInclude>
    <ClInclude Include="dropfile.h">
      <Filter>Header Files</Filter>
    </ClInclude>
    <ClInclude Include="xfer_common.h">
      <Filter>Header Files</Filter>
    </ClInclude>
    <ClInclude Include="menuspec.h">
      <Filter>Header Files</Filter>
    </ClInclude>
    <ClInclude Include="inmsg.h">
      <Filter>Header Files</Filter>
    </ClInclude>
    <ClInclude Include="template.h">
      <Filter>Header Files</Filter>
    </ClInclude>
    <ClInclude Include="vote.h">
      <Filter>Header Files</Filter>
    </ClInclude>
    <ClInclude Include="valscan.h">
      <Filter>Header Files</Filter>
    </ClInclude>
    <ClInclude Include="voteedit.h">
      <Filter>Header Files</Filter>
    </ClInclude>
    <ClInclude Include="wfc.h">
      <Filter>Header Files</Filter>
    </ClInclude>
    <ClInclude Include="crc.h">
      <Filter>Header Files</Filter>
    </ClInclude>
    <ClInclude Include="asv.h">
      <Filter>Header Files</Filter>
    </ClInclude>
    <ClInclude Include="attach.h">
      <Filter>Header Files</Filter>
    </ClInclude>
    <ClInclude Include="automsg.h">
      <Filter>Header Files</Filter>
    </ClInclude>
    <ClInclude Include="bbslist.h">
      <Filter>Header Files</Filter>
    </ClInclude>
    <ClInclude Include="callback.h">
      <Filter>Header Files</Filter>
    </ClInclude>
    <ClInclude Include="menu_parser.h">
      <Filter>Header Files</Filter>
    </ClInclude>
    <ClInclude Include="capture.h">
      <Filter>Header Files</Filter>
    </ClInclude>
    <ClInclude Include="local_io_win32.h">
      <Filter>Header Files</Filter>
    </ClInclude>
    <ClInclude Include="local_io.h">
      <Filter>Header Files</Filter>
    </ClInclude>
    <ClInclude Include="null_local_io.h">
      <Filter>Header Files</Filter>
    </ClInclude>
    <ClInclude Include="wfc_log.h">
      <Filter>Header Files</Filter>
    </ClInclude>
    <ClInclude Include="bbsutl.h">
      <Filter>Header Files</Filter>
    </ClInclude>
    <ClInclude Include="bbsutl1.h">
      <Filter>Header Files</Filter>
    </ClInclude>
    <ClInclude Include="bgetch.h">
      <Filter>Header Files</Filter>
    </ClInclude>
    <ClInclude Include="bputch.h">
      <Filter>Header Files</Filter>
    </ClInclude>
    <ClInclude Include="com.h">
      <Filter>Header Files</Filter>
    </ClInclude>
    <ClInclude Include="sysopf.h">
      <Filter>Header Files</Filter>
    </ClInclude>
    <ClInclude Include="interpret.h">
      <Filter>Header Files</Filter>
    </ClInclude>
    <ClInclude Include="msgbase.h" />
    <ClInclude Include="connect1.h">
      <Filter>Header Files</Filter>
    </ClInclude>
    <ClInclude Include="quote.h">
      <Filter>Header Files</Filter>
    </ClInclude>
  </ItemGroup>
  <ItemGroup>
    <Filter Include="Header Files">
      <UniqueIdentifier>{07ac2b0b-9396-43e6-bfff-ff4eeaa6588a}</UniqueIdentifier>
    </Filter>
    <Filter Include="Source Files">
      <UniqueIdentifier>{1b7782d2-8144-4eac-9827-75236a5a49b8}</UniqueIdentifier>
    </Filter>
  </ItemGroup>
</Project>