
Microsoft Visual Studio Solution File, Format Version 9.00
# Visual C++ Express 2005
Project("{8BC9CEB8-8B4A-11D0-8D11-00A0C91BC942}") = "tui", "src\tui.vcproj", "{23A3CDA5-3028-4CB0-B698-EB9D09DB4A90}"
EndProject
Global
	GlobalSection(SolutionConfigurationPlatforms) = preSolution
		Debug|Win32 = Debug|Win32
		Release|Win32 = Release|Win32
	EndGlobalSection
	GlobalSection(ProjectConfigurationPlatforms) = postSolution
		{23A3CDA5-3028-4CB0-B698-EB9D09DB4A90}.Debug|Win32.ActiveCfg = Debug|Win32
		{23A3CDA5-3028-4CB0-B698-EB9D09DB4A90}.Debug|Win32.Build.0 = Debug|Win32
		{23A3CDA5-3028-4CB0-B698-EB9D09DB4A90}.Release|Win32.ActiveCfg = Release|Win32
		{23A3CDA5-3028-4CB0-B698-EB9D09DB4A90}.Release|Win32.Build.0 = Release|Win32
	EndGlobalSection
	GlobalSection(SolutionProperties) = preSolution
		HideSolutionNode = FALSE
	EndGlobalSection
EndGlobal
