<?xml version="1.0" encoding="utf-8"?>
<Project ToolsVersion="4.0" xmlns="http://schemas.microsoft.com/developer/msbuild/2003">
  <ItemGroup>
    <ClInclude Include="config.h">
      <Filter>Header Files</Filter>
    </ClInclude>
    <ClInclude Include="networks.h">
      <Filter>Header Files</Filter>
    </ClInclude>
    <ClInclude Include="filenames.h">
      <Filter>Header Files</Filter>
    </ClInclude>
    <ClInclude Include="msdos_stdint.h">
      <Filter>Header Files</Filter>
    </ClInclude>
    <ClInclude Include="net.h">
      <Filter>Header Files</Filter>
    </ClInclude>
    <ClInclude Include="phone_numbers.h">
      <Filter>Header Files</Filter>
    </ClInclude>
    <ClInclude Include="vardec.h">
      <Filter>Header Files</Filter>
    </ClInclude>
    <ClInclude Include="names.h">
      <Filter>Header Files</Filter>
    </ClInclude>
    <ClInclude Include="contact.h">
      <Filter>Header Files</Filter>
    </ClInclude>
    <ClInclude Include="callout.h">
      <Filter>Header Files</Filter>
    </ClInclude>
    <ClInclude Include="msgapi\message_api.h">
      <Filter>Header Files\msgapi</Filter>
    </ClInclude>
    <ClInclude Include="msgapi\message_api_wwiv.h">
      <Filter>Header Files\msgapi</Filter>
    </ClInclude>
    <ClInclude Include="msgapi\message_area_wwiv.h">
      <Filter>Header Files\msgapi</Filter>
    </ClInclude>
    <ClInclude Include="msgapi\message_wwiv.h">
      <Filter>Header Files\msgapi</Filter>
    </ClInclude>
    <ClInclude Include="msgapi\msgapi.h">
      <Filter>Header Files\msgapi</Filter>
    </ClInclude>
    <ClInclude Include="user.h">
      <Filter>Header Files</Filter>
    </ClInclude>
    <ClInclude Include="usermanager.h">
      <Filter>Header Files</Filter>
    </ClInclude>
    <ClInclude Include="datetime.h">
      <Filter>Header Files</Filter>
    </ClInclude>
    <ClInclude Include="msgapi\message.h">
      <Filter>Header Files\msgapi</Filter>
    </ClInclude>
    <ClInclude Include="msgapi\message_area.h">
      <Filter>Header Files\msgapi</Filter>
    </ClInclude>
    <ClInclude Include="msgapi\message_areas.h">
      <Filter>Header Files\msgapi</Filter>
    </ClInclude>
    <ClInclude Include="bbslist.h">
      <Filter>Header Files</Filter>
    </ClInclude>
    <ClInclude Include="connect.h">
      <Filter>Header Files</Filter>
    </ClInclude>
    <ClInclude Include="msgapi\type2_text.h">
      <Filter>Header Files\msgapi</Filter>
    </ClInclude>
    <ClInclude Include="msgapi\email_wwiv.h">
      <Filter>Header Files\msgapi</Filter>
    </ClInclude>
    <ClInclude Include="status.h">
      <Filter>Header Files</Filter>
    </ClInclude>
    <ClInclude Include="subxtr.h">
      <Filter>Header Files</Filter>
    </ClInclude>
    <ClInclude Include="ssm.h">
      <Filter>Header Files</Filter>
    </ClInclude>
    <ClInclude Include="fido\fido_packets.h">
      <Filter>Source Files\fido</Filter>
    </ClInclude>
    <ClInclude Include="binkp.h">
      <Filter>Header Files</Filter>
    </ClInclude>
  </ItemGroup>
  <ItemGroup>
    <Filter Include="Source Files">
      <UniqueIdentifier>{cd8615eb-0fce-465e-a6b5-e2632116f027}</UniqueIdentifier>
    </Filter>
    <Filter Include="Header Files">
      <UniqueIdentifier>{e2dd6776-8554-45b5-8ce0-9dd13daa1a79}</UniqueIdentifier>
    </Filter>
    <Filter Include="Source Files\msgapi">
      <UniqueIdentifier>{2e5d0f7d-e886-49a7-a037-497130322155}</UniqueIdentifier>
    </Filter>
    <Filter Include="Header Files\msgapi">
      <UniqueIdentifier>{4200a725-3dba-451a-9412-9ca431716b6a}</UniqueIdentifier>
    </Filter>
    <Filter Include="Source Files\fido">
      <UniqueIdentifier>{7ae92491-f7c7-44d1-85d0-a81eb681a841}</UniqueIdentifier>
    </Filter>
  </ItemGroup>
  <ItemGroup>
    <ClCompile Include="config.cpp">
      <Filter>Source Files</Filter>
    </ClCompile>
    <ClCompile Include="networks.cpp">
      <Filter>Source Files</Filter>
    </ClCompile>
    <ClCompile Include="phone_numbers.cpp">
      <Filter>Source Files</Filter>
    </ClCompile>
    <ClCompile Include="names.cpp">
      <Filter>Source Files</Filter>
    </ClCompile>
    <ClCompile Include="callout.cpp">
      <Filter>Source Files</Filter>
    </ClCompile>
    <ClCompile Include="contact.cpp">
      <Filter>Source Files</Filter>
    </ClCompile>
    <ClCompile Include="msgapi\message_api.cpp">
      <Filter>Source Files\msgapi</Filter>
    </ClCompile>
    <ClCompile Include="msgapi\message_api_wwiv.cpp">
      <Filter>Source Files\msgapi</Filter>
    </ClCompile>
    <ClCompile Include="msgapi\message_area_wwiv.cpp">
      <Filter>Source Files\msgapi</Filter>
    </ClCompile>
    <ClCompile Include="msgapi\message_utils_wwiv.cpp">
      <Filter>Source Files\msgapi</Filter>
    </ClCompile>
    <ClCompile Include="msgapi\message_wwiv.cpp">
      <Filter>Source Files\msgapi</Filter>
    </ClCompile>
    <ClCompile Include="user.cpp">
      <Filter>Source Files</Filter>
    </ClCompile>
    <ClCompile Include="usermanager.cpp">
      <Filter>Source Files</Filter>
    </ClCompile>
    <ClCompile Include="datetime.cpp">
      <Filter>Source Files</Filter>
    </ClCompile>
    <ClCompile Include="bbslist.cpp">
      <Filter>Source Files</Filter>
    </ClCompile>
    <ClCompile Include="connect.cpp">
      <Filter>Source Files</Filter>
    </ClCompile>
    <ClCompile Include="msgapi\type2_text.cpp">
      <Filter>Source Files\msgapi</Filter>
    </ClCompile>
    <ClCompile Include="msgapi\email_wwiv.cpp">
      <Filter>Source Files\msgapi</Filter>
    </ClCompile>
    <ClCompile Include="status.cpp">
      <Filter>Source Files</Filter>
    </ClCompile>
    <ClCompile Include="subxtr.cpp">
      <Filter>Source Files</Filter>
    </ClCompile>
    <ClCompile Include="ssm.cpp">
      <Filter>Source Files</Filter>
    </ClCompile>
    <ClCompile Include="fido\fido_packets.cpp">
      <Filter>Source Files\fido</Filter>
    </ClCompile>
    <ClCompile Include="binkp.cpp">
      <Filter>Source Files</Filter>
    </ClCompile>
  </ItemGroup>
</Project>