Microsoft Visual Studio Solution File, Format Version 9.00
# Visual C++ Express 2005
Project("{8BC9CEB8-8B4A-11D0-8D11-00A0C91BC942}") = "WWIV50", "wwiv50-vs2005.vcproj", "{46A1B8D0-212A-49B7-B5A9-6D05A9CC8974}"
EndProject
Global
	GlobalSection(SolutionConfigurationPlatforms) = preSolution
		Debug|Win32 = Debug|Win32
		Debug-Warn4|Win32 = Debug-Warn4|Win32
		Release|Win32 = Release|Win32
	EndGlobalSection
	GlobalSection(ProjectConfigurationPlatforms) = postSolution
		{46A1B8D0-212A-49B7-B5A9-6D05A9CC8974}.Debug|Win32.ActiveCfg = Debug|Win32
		{46A1B8D0-212A-49B7-B5A9-6D05A9CC8974}.Debug|Win32.Build.0 = Debug|Win32
		{46A1B8D0-212A-49B7-B5A9-6D05A9CC8974}.Debug-Warn4|Win32.ActiveCfg = Debug-Warn4|Win32
		{46A1B8D0-212A-49B7-B5A9-6D05A9CC8974}.Debug-Warn4|Win32.Build.0 = Debug-Warn4|Win32
		{46A1B8D0-212A-49B7-B5A9-6D05A9CC8974}.Release|Win32.ActiveCfg = Release|Win32
		{46A1B8D0-212A-49B7-B5A9-6D05A9CC8974}.Release|Win32.Build.0 = Release|Win32
	EndGlobalSection
	GlobalSection(SolutionProperties) = preSolution
		HideSolutionNode = FALSE
	EndGlobalSection
EndGlobal
