<?xml version="1.0" encoding="utf-8"?>
<Project ToolsVersion="4.0" xmlns="http://schemas.microsoft.com/developer/msbuild/2003">
  <ItemGroup>
    <Filter Include="Main">
      <UniqueIdentifier>{1d5374a9-118f-44fc-94be-41fae810e800}</UniqueIdentifier>
    </Filter>
    <Filter Include="Tests">
      <UniqueIdentifier>{7a5e86f9-1ce7-4480-ac8e-265ba2f97a9a}</UniqueIdentifier>
    </Filter>
    <Filter Include="Fixtures">
      <UniqueIdentifier>{fb517d75-2ca9-42ed-9922-e663d775a06e}</UniqueIdentifier>
    </Filter>
  </ItemGroup>
  <ItemGroup>
    <ClCompile Include="networkb_test_main.cpp">
      <Filter>Main</Filter>
    </ClCompile>
    <ClCompile Include="fake_connection.cpp">
      <Filter>Fixtures</Filter>
    </ClCompile>
    <ClCompile Include="binkp_config_test.cpp">
      <Filter>Tests</Filter>
    </ClCompile>
    <ClCompile Include="binkp_test.cpp">
      <Filter>Tests</Filter>
    </ClCompile>
    <ClCompile Include="cram_test.cpp">
      <Filter>Tests</Filter>
    </ClCompile>
    <ClCompile Include="net_log_test.cpp">
      <Filter>Tests</Filter>
    </ClCompile>
    <ClCompile Include="net_util_test.cpp">
      <Filter>Tests</Filter>
    </ClCompile>
    <ClCompile Include="packets_test.cpp">
      <Filter>Tests</Filter>
    </ClCompile>
    <ClCompile Include="ppp_config_test.cpp">
      <Filter>Tests</Filter>
    </ClCompile>
    <ClCompile Include="transfer_file_test.cpp">
      <Filter>Tests</Filter>
    </ClCompile>
  </ItemGroup>
  <ItemGroup>
    <ClInclude Include="fake_connection.h">
      <Filter>Fixtures</Filter>
    </ClInclude>
  </ItemGroup>
</Project>